// !$*UTF8*$!
{
	archiveVersion = 1;
	classes = {
	};
	objectVersion = 46;
	objects = {

/* Begin PBXBuildFile section */
		6512609D1F6FE164004FC0F0 /* AppDelegate.swift in Sources */ = {isa = PBXBuildFile; fileRef = 6512609C1F6FE164004FC0F0 /* AppDelegate.swift */; };
		6512609F1F6FE164004FC0F0 /* ViewController.swift in Sources */ = {isa = PBXBuildFile; fileRef = 6512609E1F6FE164004FC0F0 /* ViewController.swift */; };
		651260A21F6FE164004FC0F0 /* Main.storyboard in Resources */ = {isa = PBXBuildFile; fileRef = 651260A01F6FE164004FC0F0 /* Main.storyboard */; };
		651260A41F6FE164004FC0F0 /* Assets.xcassets in Resources */ = {isa = PBXBuildFile; fileRef = 651260A31F6FE164004FC0F0 /* Assets.xcassets */; };
		651260A71F6FE164004FC0F0 /* LaunchScreen.storyboard in Resources */ = {isa = PBXBuildFile; fileRef = 651260A51F6FE164004FC0F0 /* LaunchScreen.storyboard */; };
/* End PBXBuildFile section */

/* Begin PBXFileReference section */
		651260991F6FE164004FC0F0 /* Timers.app */ = {isa = PBXFileReference; explicitFileType = wrapper.application; includeInIndex = 0; path = Timers.app; sourceTree = BUILT_PRODUCTS_DIR; };
		6512609C1F6FE164004FC0F0 /* AppDelegate.swift */ = {isa = PBXFileReference; lastKnownFileType = sourcecode.swift; path = AppDelegate.swift; sourceTree = "<group>"; };
		6512609E1F6FE164004FC0F0 /* ViewController.swift */ = {isa = PBXFileReference; lastKnownFileType = sourcecode.swift; path = ViewController.swift; sourceTree = "<group>"; };
		651260A11F6FE164004FC0F0 /* Base */ = {isa = PBXFileReference; lastKnownFileType = file.storyboard; name = Base; path = Base.lproj/Main.storyboard; sourceTree = "<group>"; };
		651260A31F6FE164004FC0F0 /* Assets.xcassets */ = {isa = PBXFileReference; lastKnownFileType = folder.assetcatalog; path = Assets.xcassets; sourceTree = "<group>"; };
		651260A61F6FE164004FC0F0 /* Base */ = {isa = PBXFileReference; lastKnownFileType = file.storyboard; name = Base; path = Base.lproj/LaunchScreen.storyboard; sourceTree = "<group>"; };
		651260A81F6FE164004FC0F0 /* Info.plist */ = {isa = PBXFileReference; lastKnownFileType = text.plist.xml; path = Info.plist; sourceTree = "<group>"; };
/* End PBXFileReference section */

/* Begin PBXFrameworksBuildPhase section */
		651260961F6FE164004FC0F0 /* Frameworks */ = {
			isa = PBXFrameworksBuildPhase;
			buildActionMask = 2147483647;
			files = (
			);
			runOnlyForDeploymentPostprocessing = 0;
		};
/* End PBXFrameworksBuildPhase section */

/* Begin PBXGroup section */
		651260901F6FE163004FC0F0 = {
			isa = PBXGroup;
			children = (
				6512609B1F6FE164004FC0F0 /* Timers */,
				6512609A1F6FE164004FC0F0 /* Products */,
			);
			sourceTree = "<group>";
		};
		6512609A1F6FE164004FC0F0 /* Products */ = {
			isa = PBXGroup;
			children = (
				651260991F6FE164004FC0F0 /* Timers.app */,
			);
			name = Products;
			sourceTree = "<group>";
		};
		6512609B1F6FE164004FC0F0 /* Timers */ = {
			isa = PBXGroup;
			children = (
				6512609C1F6FE164004FC0F0 /* AppDelegate.swift */,
				6512609E1F6FE164004FC0F0 /* ViewController.swift */,
				651260A01F6FE164004FC0F0 /* Main.storyboard */,
				651260A31F6FE164004FC0F0 /* Assets.xcassets */,
				651260A51F6FE164004FC0F0 /* LaunchScreen.storyboard */,
				651260A81F6FE164004FC0F0 /* Info.plist */,
			);
			path = Timers;
			sourceTree = "<group>";
		};
/* End PBXGroup section */

/* Begin PBXNativeTarget section */
		651260981F6FE164004FC0F0 /* Timers */ = {
			isa = PBXNativeTarget;
			buildConfigurationList = 651260AB1F6FE164004FC0F0 /* Build configuration list for PBXNativeTarget "Timers" */;
			buildPhases = (
				651260951F6FE164004FC0F0 /* Sources */,
				651260961F6FE164004FC0F0 /* Frameworks */,
				651260971F6FE164004FC0F0 /* Resources */,
			);
			buildRules = (
			);
			dependencies = (
			);
			name = Timers;
			productName = Timers;
			productReference = 651260991F6FE164004FC0F0 /* Timers.app */;
			productType = "com.apple.product-type.application";
		};
/* End PBXNativeTarget section */

/* Begin PBXProject section */
		651260911F6FE163004FC0F0 /* Project object */ = {
			isa = PBXProject;
			attributes = {
				LastSwiftUpdateCheck = 0830;
				LastUpgradeCheck = 0830;
				ORGANIZATIONNAME = biotek;
				TargetAttributes = {
					651260981F6FE164004FC0F0 = {
						CreatedOnToolsVersion = 8.3.2;
						DevelopmentTeam = 3XPVK7LWGW;
						ProvisioningStyle = Automatic;
					};
				};
			};
			buildConfigurationList = 651260941F6FE163004FC0F0 /* Build configuration list for PBXProject "Timers" */;
			compatibilityVersion = "Xcode 3.2";
			developmentRegion = English;
			hasScannedForEncodings = 0;
			knownRegions = (
				en,
				Base,
			);
			mainGroup = 651260901F6FE163004FC0F0;
			productRefGroup = 6512609A1F6FE164004FC0F0 /* Products */;
			projectDirPath = "";
			projectRoot = "";
			targets = (
				651260981F6FE164004FC0F0 /* Timers */,
			);
		};
/* End PBXProject section */

/* Begin PBXResourcesBuildPhase section */
		651260971F6FE164004FC0F0 /* Resources */ = {
			isa = PBXResourcesBuildPhase;
			buildActionMask = 2147483647;
			files = (
				651260A71F6FE164004FC0F0 /* LaunchScreen.storyboard in Resources */,
				651260A41F6FE164004FC0F0 /* Assets.xcassets in Resources */,
				651260A21F6FE164004FC0F0 /* Main.storyboard in Resources */,
			);
			runOnlyForDeploymentPostprocessing = 0;
		};
/* End PBXResourcesBuildPhase section */

/* Begin PBXSourcesBuildPhase section */
		651260951F6FE164004FC0F0 /* Sources */ = {
			isa = PBXSourcesBuildPhase;
			buildActionMask = 2147483647;
			files = (
				6512609F1F6FE164004FC0F0 /* ViewController.swift in Sources */,
				6512609D1F6FE164004FC0F0 /* AppDelegate.swift in Sources */,
			);
			runOnlyForDeploymentPostprocessing = 0;
		};
/* End PBXSourcesBuildPhase section */

/* Begin PBXVariantGroup section */
		651260A01F6FE164004FC0F0 /* Main.storyboard */ = {
			isa = PBXVariantGroup;
			children = (
				651260A11F6FE164004FC0F0 /* Base */,
			);
			name = Main.storyboard;
			sourceTree = "<group>";
		};
		651260A51F6FE164004FC0F0 /* LaunchScreen.storyboard */ = {
			isa = PBXVariantGroup;
			children = (
				651260A61F6FE164004FC0F0 /* Base */,
			);
			name = LaunchScreen.storyboard;
			sourceTree = "<group>";
		};
/* End PBXVariantGroup section */

/* Begin XCBuildConfiguration section */
		651260A91F6FE164004FC0F0 /* Debug */ = {
			isa = XCBuildConfiguration;
			buildSettings = {
				ALWAYS_SEARCH_USER_PATHS = NO;
				CLANG_ANALYZER_NONNULL = YES;
				CLANG_ANALYZER_NUMBER_OBJECT_CONVERSION = YES_AGGRESSIVE;
				CLANG_CXX_LANGUAGE_STANDARD = "gnu++0x";
				CLANG_CXX_LIBRARY = "libc++";
				CLANG_ENABLE_MODULES = YES;
				CLANG_ENABLE_OBJC_ARC = YES;
				CLANG_WARN_BOOL_CONVERSION = YES;
				CLANG_WARN_CONSTANT_CONVERSION = YES;
				CLANG_WARN_DIRECT_OBJC_ISA_USAGE = YES_ERROR;
				CLANG_WARN_DOCUMENTATION_COMMENTS = YES;
				CLANG_WARN_EMPTY_BODY = YES;
				CLANG_WARN_ENUM_CONVERSION = YES;
				CLANG_WARN_INFINITE_RECURSION = YES;
				CLANG_WARN_INT_CONVERSION = YES;
				CLANG_WARN_OBJC_ROOT_CLASS = YES_ERROR;
				CLANG_WARN_SUSPICIOUS_MOVE = YES;
				CLANG_WARN_UNREACHABLE_CODE = YES;
				CLANG_WARN__DUPLICATE_METHOD_MATCH = YES;
				"CODE_SIGN_IDENTITY[sdk=iphoneos*]" = "iPhone Developer";
				COPY_PHASE_STRIP = NO;
				DEBUG_INFORMATION_FORMAT = dwarf;
				ENABLE_STRICT_OBJC_MSGSEND = YES;
				ENABLE_TESTABILITY = YES;
				GCC_C_LANGUAGE_STANDARD = gnu99;
				GCC_DYNAMIC_NO_PIC = NO;
				GCC_NO_COMMON_BLOCKS = YES;
				GCC_OPTIMIZATION_LEVEL = 0;
				GCC_PREPROCESSOR_DEFINITIONS = (
					"DEBUG=1",
					"$(inherited)",
				);
				GCC_WARN_64_TO_32_BIT_CONVERSION = YES;
				GCC_WARN_ABOUT_RETURN_TYPE = YES_ERROR;
				GCC_WARN_UNDECLARED_SELECTOR = YES;
				GCC_WARN_UNINITIALIZED_AUTOS = YES_AGGRESSIVE;
				GCC_WARN_UNUSED_FUNCTION = YES;
				GCC_WARN_UNUSED_VARIABLE = YES;
				IPHONEOS_DEPLOYMENT_TARGET = 10.3;
				MTL_ENABLE_DEBUG_INFO = YES;
				ONLY_ACTIVE_ARCH = YES;
				SDKROOT = iphoneos;
				SWIFT_ACTIVE_COMPILATION_CONDITIONS = DEBUG;
				SWIFT_OPTIMIZATION_LEVEL = "-Onone";
				TARGETED_DEVICE_FAMILY = "1,2";
			};
			name = Debug;
		};
		651260AA1F6FE164004FC0F0 /* Release */ = {
			isa = XCBuildConfiguration;
			buildSettings = {
				ALWAYS_SEARCH_USER_PATHS = NO;
				CLANG_ANALYZER_NONNULL = YES;
				CLANG_ANALYZER_NUMBER_OBJECT_CONVERSION = YES_AGGRESSIVE;
				CLANG_CXX_LANGUAGE_STANDARD = "gnu++0x";
				CLANG_CXX_LIBRARY = "libc++";
				CLANG_ENABLE_MODULES = YES;
				CLANG_ENABLE_OBJC_ARC = YES;
				CLANG_WARN_BOOL_CONVERSION = YES;
				CLANG_WARN_CONSTANT_CONVERSION = YES;
				CLANG_WARN_DIRECT_OBJC_ISA_USAGE = YES_ERROR;
				CLANG_WARN_DOCUMENTATION_COMMENTS = YES;
				CLANG_WARN_EMPTY_BODY = YES;
				CLANG_WARN_ENUM_CONVERSION = YES;
				CLANG_WARN_INFINITE_RECURSION = YES;
				CLANG_WARN_INT_CONVERSION = YES;
				CLANG_WARN_OBJC_ROOT_CLASS = YES_ERROR;
				CLANG_WARN_SUSPICIOUS_MOVE = YES;
				CLANG_WARN_UNREACHABLE_CODE = YES;
				CLANG_WARN__DUPLICATE_METHOD_MATCH = YES;
				"CODE_SIGN_IDENTITY[sdk=iphoneos*]" = "iPhone Developer";
				COPY_PHASE_STRIP = NO;
				DEBUG_INFORMATION_FORMAT = "dwarf-with-dsym";
				ENABLE_NS_ASSERTIONS = NO;
				ENABLE_STRICT_OBJC_MSGSEND = YES;
				GCC_C_LANGUAGE_STANDARD = gnu99;
				GCC_NO_COMMON_BLOCKS = YES;
				GCC_WARN_64_TO_32_BIT_CONVERSION = YES;
				GCC_WARN_ABOUT_RETURN_TYPE = YES_ERROR;
				GCC_WARN_UNDECLARED_SELECTOR = YES;
				GCC_WARN_UNINITIALIZED_AUTOS = YES_AGGRESSIVE;
				GCC_WARN_UNUSED_FUNCTION = YES;
				GCC_WARN_UNUSED_VARIABLE = YES;
				IPHONEOS_DEPLOYMENT_TARGET = 10.3;
				MTL_ENABLE_DEBUG_INFO = NO;
				SDKROOT = iphoneos;
				SWIFT_OPTIMIZATION_LEVEL = "-Owholemodule";
				TARGETED_DEVICE_FAMILY = "1,2";
				VALIDATE_PRODUCT = YES;
			};
			name = Release;
		};
		651260AC1F6FE164004FC0F0 /* Debug */ = {
			isa = XCBuildConfiguration;
			buildSettings = {
				ASSETCATALOG_COMPILER_APPICON_NAME = AppIcon;
				DEVELOPMENT_TEAM = 3XPVK7LWGW;
				INFOPLIST_FILE = Timers/Info.plist;
				LD_RUNPATH_SEARCH_PATHS = "$(inherited) @executable_path/Frameworks";
				PRODUCT_BUNDLE_IDENTIFIER = com.biotek.Timers;
				PRODUCT_NAME = "$(TARGET_NAME)";
				SWIFT_VERSION = 3.0;
			};
			name = Debug;
		};
		651260AD1F6FE164004FC0F0 /* Release */ = {
			isa = XCBuildConfiguration;
			buildSettings = {
				ASSETCATALOG_COMPILER_APPICON_NAME = AppIcon;
				DEVELOPMENT_TEAM = 3XPVK7LWGW;
				INFOPLIST_FILE = Timers/Info.plist;
				LD_RUNPATH_SEARCH_PATHS = "$(inherited) @executable_path/Frameworks";
				PRODUCT_BUNDLE_IDENTIFIER = com.biotek.Timers;
				PRODUCT_NAME = "$(TARGET_NAME)";
				SWIFT_VERSION = 3.0;
			};
			name = Release;
		};
/* End XCBuildConfiguration section */

/* Begin XCConfigurationList section */
		651260941F6FE163004FC0F0 /* Build configuration list for PBXProject "Timers" */ = {
			isa = XCConfigurationList;
			buildConfigurations = (
				651260A91F6FE164004FC0F0 /* Debug */,
				651260AA1F6FE164004FC0F0 /* Release */,
			);
			defaultConfigurationIsVisible = 0;
			defaultConfigurationName = Release;
		};
		651260AB1F6FE164004FC0F0 /* Build configuration list for PBXNativeTarget "Timers" */ = {
			isa = XCConfigurationList;
			buildConfigurations = (
				651260AC1F6FE164004FC0F0 /* Debug */,
				651260AD1F6FE164004FC0F0 /* Release */,
			);
			defaultConfigurationIsVisible = 0;
		};
/* End XCConfigurationList section */
	};
	rootObject = 651260911F6FE163004FC0F0 /* Project object */;
}
