// !$*UTF8*$!
{
	archiveVersion = 1;
	classes = {
	};
	objectVersion = 46;
	objects = {

/* Begin PBXBuildFile section */
		65AA68A21F46CF4300113D22 /* AppDelegate.swift in Sources */ = {isa = PBXBuildFile; fileRef = 65AA68A11F46CF4300113D22 /* AppDelegate.swift */; };
		65AA68A41F46CF4300113D22 /* ViewController.swift in Sources */ = {isa = PBXBuildFile; fileRef = 65AA68A31F46CF4300113D22 /* ViewController.swift */; };
		65AA68A71F46CF4300113D22 /* Main.storyboard in Resources */ = {isa = PBXBuildFile; fileRef = 65AA68A51F46CF4300113D22 /* Main.storyboard */; };
		65AA68AA1F46CF4300113D22 /* BiotekSupportManagement.xcdatamodeld in Sources */ = {isa = PBXBuildFile; fileRef = 65AA68A81F46CF4300113D22 /* BiotekSupportManagement.xcdatamodeld */; };
		65AA68AC1F46CF4300113D22 /* Assets.xcassets in Resources */ = {isa = PBXBuildFile; fileRef = 65AA68AB1F46CF4300113D22 /* Assets.xcassets */; };
		65AA68AF1F46CF4300113D22 /* LaunchScreen.storyboard in Resources */ = {isa = PBXBuildFile; fileRef = 65AA68AD1F46CF4300113D22 /* LaunchScreen.storyboard */; };
		65AA68B71F4B116C00113D22 /* HomeViewController.swift in Sources */ = {isa = PBXBuildFile; fileRef = 65AA68B61F4B116B00113D22 /* HomeViewController.swift */; };
/* End PBXBuildFile section */

/* Begin PBXFileReference section */
		65AA689E1F46CF4300113D22 /* BiotekSupportManagement.app */ = {isa = PBXFileReference; explicitFileType = wrapper.application; includeInIndex = 0; path = BiotekSupportManagement.app; sourceTree = BUILT_PRODUCTS_DIR; };
		65AA68A11F46CF4300113D22 /* AppDelegate.swift */ = {isa = PBXFileReference; lastKnownFileType = sourcecode.swift; path = AppDelegate.swift; sourceTree = "<group>"; };
		65AA68A31F46CF4300113D22 /* ViewController.swift */ = {isa = PBXFileReference; lastKnownFileType = sourcecode.swift; path = ViewController.swift; sourceTree = "<group>"; };
		65AA68A61F46CF4300113D22 /* Base */ = {isa = PBXFileReference; lastKnownFileType = file.storyboard; name = Base; path = Base.lproj/Main.storyboard; sourceTree = "<group>"; };
		65AA68A91F46CF4300113D22 /* BiotekSupportManagement.xcdatamodel */ = {isa = PBXFileReference; lastKnownFileType = wrapper.xcdatamodel; path = BiotekSupportManagement.xcdatamodel; sourceTree = "<group>"; };
		65AA68AB1F46CF4300113D22 /* Assets.xcassets */ = {isa = PBXFileReference; lastKnownFileType = folder.assetcatalog; path = Assets.xcassets; sourceTree = "<group>"; };
		65AA68AE1F46CF4300113D22 /* Base */ = {isa = PBXFileReference; lastKnownFileType = file.storyboard; name = Base; path = Base.lproj/LaunchScreen.storyboard; sourceTree = "<group>"; };
		65AA68B01F46CF4300113D22 /* Info.plist */ = {isa = PBXFileReference; lastKnownFileType = text.plist.xml; path = Info.plist; sourceTree = "<group>"; };
		65AA68B61F4B116B00113D22 /* HomeViewController.swift */ = {isa = PBXFileReference; fileEncoding = 4; lastKnownFileType = sourcecode.swift; path = HomeViewController.swift; sourceTree = "<group>"; };
/* End PBXFileReference section */

/* Begin PBXFrameworksBuildPhase section */
		65AA689B1F46CF4300113D22 /* Frameworks */ = {
			isa = PBXFrameworksBuildPhase;
			buildActionMask = 2147483647;
			files = (
			);
			runOnlyForDeploymentPostprocessing = 0;
		};
/* End PBXFrameworksBuildPhase section */

/* Begin PBXGroup section */
		65AA68951F46CF4300113D22 = {
			isa = PBXGroup;
			children = (
				65AA68A01F46CF4300113D22 /* BiotekSupportManagement */,
				65AA689F1F46CF4300113D22 /* Products */,
			);
			sourceTree = "<group>";
		};
		65AA689F1F46CF4300113D22 /* Products */ = {
			isa = PBXGroup;
			children = (
				65AA689E1F46CF4300113D22 /* BiotekSupportManagement.app */,
			);
			name = Products;
			sourceTree = "<group>";
		};
		65AA68A01F46CF4300113D22 /* BiotekSupportManagement */ = {
			isa = PBXGroup;
			children = (
				65AA68A11F46CF4300113D22 /* AppDelegate.swift */,
				65AA68A31F46CF4300113D22 /* ViewController.swift */,
				65AA68A51F46CF4300113D22 /* Main.storyboard */,
				65AA68AB1F46CF4300113D22 /* Assets.xcassets */,
				65AA68AD1F46CF4300113D22 /* LaunchScreen.storyboard */,
				65AA68B01F46CF4300113D22 /* Info.plist */,
				65AA68A81F46CF4300113D22 /* BiotekSupportManagement.xcdatamodeld */,
				65AA68B61F4B116B00113D22 /* HomeViewController.swift */,
			);
			path = BiotekSupportManagement;
			sourceTree = "<group>";
		};
/* End PBXGroup section */

/* Begin PBXNativeTarget section */
		65AA689D1F46CF4300113D22 /* BiotekSupportManagement */ = {
			isa = PBXNativeTarget;
			buildConfigurationList = 65AA68B31F46CF4300113D22 /* Build configuration list for PBXNativeTarget "BiotekSupportManagement" */;
			buildPhases = (
				65AA689A1F46CF4300113D22 /* Sources */,
				65AA689B1F46CF4300113D22 /* Frameworks */,
				65AA689C1F46CF4300113D22 /* Resources */,
			);
			buildRules = (
			);
			dependencies = (
			);
			name = BiotekSupportManagement;
			productName = BiotekSupportManagement;
			productReference = 65AA689E1F46CF4300113D22 /* BiotekSupportManagement.app */;
			productType = "com.apple.product-type.application";
		};
/* End PBXNativeTarget section */

/* Begin PBXProject section */
		65AA68961F46CF4300113D22 /* Project object */ = {
			isa = PBXProject;
			attributes = {
				LastSwiftUpdateCheck = 0830;
				LastUpgradeCheck = 0830;
				ORGANIZATIONNAME = biotek;
				TargetAttributes = {
					65AA689D1F46CF4300113D22 = {
						CreatedOnToolsVersion = 8.3.2;
						ProvisioningStyle = Automatic;
					};
				};
			};
			buildConfigurationList = 65AA68991F46CF4300113D22 /* Build configuration list for PBXProject "BiotekSupportManagement" */;
			compatibilityVersion = "Xcode 3.2";
			developmentRegion = English;
			hasScannedForEncodings = 0;
			knownRegions = (
				en,
				Base,
			);
			mainGroup = 65AA68951F46CF4300113D22;
			productRefGroup = 65AA689F1F46CF4300113D22 /* Products */;
			projectDirPath = "";
			projectRoot = "";
			targets = (
				65AA689D1F46CF4300113D22 /* BiotekSupportManagement */,
			);
		};
/* End PBXProject section */

/* Begin PBXResourcesBuildPhase section */
		65AA689C1F46CF4300113D22 /* Resources */ = {
			isa = PBXResourcesBuildPhase;
			buildActionMask = 2147483647;
			files = (
				65AA68AF1F46CF4300113D22 /* LaunchScreen.storyboard in Resources */,
				65AA68AC1F46CF4300113D22 /* Assets.xcassets in Resources */,
				65AA68A71F46CF4300113D22 /* Main.storyboard in Resources */,
			);
			runOnlyForDeploymentPostprocessing = 0;
		};
/* End PBXResourcesBuildPhase section */

/* Begin PBXSourcesBuildPhase section */
		65AA689A1F46CF4300113D22 /* Sources */ = {
			isa = PBXSourcesBuildPhase;
			buildActionMask = 2147483647;
			files = (
				65AA68AA1F46CF4300113D22 /* BiotekSupportManagement.xcdatamodeld in Sources */,
				65AA68A41F46CF4300113D22 /* ViewController.swift in Sources */,
				65AA68A21F46CF4300113D22 /* AppDelegate.swift in Sources */,
				65AA68B71F4B116C00113D22 /* HomeViewController.swift in Sources */,
			);
			runOnlyForDeploymentPostprocessing = 0;
		};
/* End PBXSourcesBuildPhase section */

/* Begin PBXVariantGroup section */
		65AA68A51F46CF4300113D22 /* Main.storyboard */ = {
			isa = PBXVariantGroup;
			children = (
				65AA68A61F46CF4300113D22 /* Base */,
			);
			name = Main.storyboard;
			sourceTree = "<group>";
		};
		65AA68AD1F46CF4300113D22 /* LaunchScreen.storyboard */ = {
			isa = PBXVariantGroup;
			children = (
				65AA68AE1F46CF4300113D22 /* Base */,
			);
			name = LaunchScreen.storyboard;
			sourceTree = "<group>";
		};
/* End PBXVariantGroup section */

/* Begin XCBuildConfiguration section */
		65AA68B11F46CF4300113D22 /* Debug */ = {
			isa = XCBuildConfiguration;
			buildSettings = {
				ALWAYS_SEARCH_USER_PATHS = NO;
				CLANG_ANALYZER_NONNULL = YES;
				CLANG_ANALYZER_NUMBER_OBJECT_CONVERSION = YES_AGGRESSIVE;
				CLANG_CXX_LANGUAGE_STANDARD = "gnu++0x";
				CLANG_CXX_LIBRARY = "libc++";
				CLANG_ENABLE_MODULES = YES;
				CLANG_ENABLE_OBJC_ARC = YES;
				CLANG_WARN_BOOL_CONVERSION = YES;
				CLANG_WARN_CONSTANT_CONVERSION = YES;
				CLANG_WARN_DIRECT_OBJC_ISA_USAGE = YES_ERROR;
				CLANG_WARN_DOCUMENTATION_COMMENTS = YES;
				CLANG_WARN_EMPTY_BODY = YES;
				CLANG_WARN_ENUM_CONVERSION = YES;
				CLANG_WARN_INFINITE_RECURSION = YES;
				CLANG_WARN_INT_CONVERSION = YES;
				CLANG_WARN_OBJC_ROOT_CLASS = YES_ERROR;
				CLANG_WARN_SUSPICIOUS_MOVE = YES;
				CLANG_WARN_UNREACHABLE_CODE = YES;
				CLANG_WARN__DUPLICATE_METHOD_MATCH = YES;
				"CODE_SIGN_IDENTITY[sdk=iphoneos*]" = "iPhone Developer";
				COPY_PHASE_STRIP = NO;
				DEBUG_INFORMATION_FORMAT = dwarf;
				ENABLE_STRICT_OBJC_MSGSEND = YES;
				ENABLE_TESTABILITY = YES;
				GCC_C_LANGUAGE_STANDARD = gnu99;
				GCC_DYNAMIC_NO_PIC = NO;
				GCC_NO_COMMON_BLOCKS = YES;
				GCC_OPTIMIZATION_LEVEL = 0;
				GCC_PREPROCESSOR_DEFINITIONS = (
					"DEBUG=1",
					"$(inherited)",
				);
				GCC_WARN_64_TO_32_BIT_CONVERSION = YES;
				GCC_WARN_ABOUT_RETURN_TYPE = YES_ERROR;
				GCC_WARN_UNDECLARED_SELECTOR = YES;
				GCC_WARN_UNINITIALIZED_AUTOS = YES_AGGRESSIVE;
				GCC_WARN_UNUSED_FUNCTION = YES;
				GCC_WARN_UNUSED_VARIABLE = YES;
				IPHONEOS_DEPLOYMENT_TARGET = 10.3;
				MTL_ENABLE_DEBUG_INFO = YES;
				ONLY_ACTIVE_ARCH = YES;
				SDKROOT = iphoneos;
				SWIFT_ACTIVE_COMPILATION_CONDITIONS = DEBUG;
				SWIFT_OPTIMIZATION_LEVEL = "-Onone";
				TARGETED_DEVICE_FAMILY = "1,2";
			};
			name = Debug;
		};
		65AA68B21F46CF4300113D22 /* Release */ = {
			isa = XCBuildConfiguration;
			buildSettings = {
				ALWAYS_SEARCH_USER_PATHS = NO;
				CLANG_ANALYZER_NONNULL = YES;
				CLANG_ANALYZER_NUMBER_OBJECT_CONVERSION = YES_AGGRESSIVE;
				CLANG_CXX_LANGUAGE_STANDARD = "gnu++0x";
				CLANG_CXX_LIBRARY = "libc++";
				CLANG_ENABLE_MODULES = YES;
				CLANG_ENABLE_OBJC_ARC = YES;
				CLANG_WARN_BOOL_CONVERSION = YES;
				CLANG_WARN_CONSTANT_CONVERSION = YES;
				CLANG_WARN_DIRECT_OBJC_ISA_USAGE = YES_ERROR;
				CLANG_WARN_DOCUMENTATION_COMMENTS = YES;
				CLANG_WARN_EMPTY_BODY = YES;
				CLANG_WARN_ENUM_CONVERSION = YES;
				CLANG_WARN_INFINITE_RECURSION = YES;
				CLANG_WARN_INT_CONVERSION = YES;
				CLANG_WARN_OBJC_ROOT_CLASS = YES_ERROR;
				CLANG_WARN_SUSPICIOUS_MOVE = YES;
				CLANG_WARN_UNREACHABLE_CODE = YES;
				CLANG_WARN__DUPLICATE_METHOD_MATCH = YES;
				"CODE_SIGN_IDENTITY[sdk=iphoneos*]" = "iPhone Developer";
				COPY_PHASE_STRIP = NO;
				DEBUG_INFORMATION_FORMAT = "dwarf-with-dsym";
				ENABLE_NS_ASSERTIONS = NO;
				ENABLE_STRICT_OBJC_MSGSEND = YES;
				GCC_C_LANGUAGE_STANDARD = gnu99;
				GCC_NO_COMMON_BLOCKS = YES;
				GCC_WARN_64_TO_32_BIT_CONVERSION = YES;
				GCC_WARN_ABOUT_RETURN_TYPE = YES_ERROR;
				GCC_WARN_UNDECLARED_SELECTOR = YES;
				GCC_WARN_UNINITIALIZED_AUTOS = YES_AGGRESSIVE;
				GCC_WARN_UNUSED_FUNCTION = YES;
				GCC_WARN_UNUSED_VARIABLE = YES;
				IPHONEOS_DEPLOYMENT_TARGET = 10.3;
				MTL_ENABLE_DEBUG_INFO = NO;
				SDKROOT = iphoneos;
				SWIFT_OPTIMIZATION_LEVEL = "-Owholemodule";
				TARGETED_DEVICE_FAMILY = "1,2";
				VALIDATE_PRODUCT = YES;
			};
			name = Release;
		};
		65AA68B41F46CF4300113D22 /* Debug */ = {
			isa = XCBuildConfiguration;
			buildSettings = {
				ASSETCATALOG_COMPILER_APPICON_NAME = AppIcon;
				INFOPLIST_FILE = BiotekSupportManagement/Info.plist;
				LD_RUNPATH_SEARCH_PATHS = "$(inherited) @executable_path/Frameworks";
				PRODUCT_BUNDLE_IDENTIFIER = com.biotek.BiotekSupportManagement;
				PRODUCT_NAME = "$(TARGET_NAME)";
				SWIFT_VERSION = 3.0;
			};
			name = Debug;
		};
		65AA68B51F46CF4300113D22 /* Release */ = {
			isa = XCBuildConfiguration;
			buildSettings = {
				ASSETCATALOG_COMPILER_APPICON_NAME = AppIcon;
				INFOPLIST_FILE = BiotekSupportManagement/Info.plist;
				LD_RUNPATH_SEARCH_PATHS = "$(inherited) @executable_path/Frameworks";
				PRODUCT_BUNDLE_IDENTIFIER = com.biotek.BiotekSupportManagement;
				PRODUCT_NAME = "$(TARGET_NAME)";
				SWIFT_VERSION = 3.0;
			};
			name = Release;
		};
/* End XCBuildConfiguration section */

/* Begin XCConfigurationList section */
		65AA68991F46CF4300113D22 /* Build configuration list for PBXProject "BiotekSupportManagement" */ = {
			isa = XCConfigurationList;
			buildConfigurations = (
				65AA68B11F46CF4300113D22 /* Debug */,
				65AA68B21F46CF4300113D22 /* Release */,
			);
			defaultConfigurationIsVisible = 0;
			defaultConfigurationName = Release;
		};
		65AA68B31F46CF4300113D22 /* Build configuration list for PBXNativeTarget "BiotekSupportManagement" */ = {
			isa = XCConfigurationList;
			buildConfigurations = (
				65AA68B41F46CF4300113D22 /* Debug */,
				65AA68B51F46CF4300113D22 /* Release */,
			);
			defaultConfigurationIsVisible = 0;
		};
/* End XCConfigurationList section */

/* Begin XCVersionGroup section */
		65AA68A81F46CF4300113D22 /* BiotekSupportManagement.xcdatamodeld */ = {
			isa = XCVersionGroup;
			children = (
				65AA68A91F46CF4300113D22 /* BiotekSupportManagement.xcdatamodel */,
			);
			currentVersion = 65AA68A91F46CF4300113D22 /* BiotekSupportManagement.xcdatamodel */;
			path = BiotekSupportManagement.xcdatamodeld;
			sourceTree = "<group>";
			versionGroupType = wrapper.xcdatamodel;
		};
/* End XCVersionGroup section */
	};
	rootObject = 65AA68961F46CF4300113D22 /* Project object */;
}
