// !$*UTF8*$!
{
	archiveVersion = 1;
	classes = {
	};
	objectVersion = 46;
	objects = {

/* Begin PBXBuildFile section */
		650118D91F2FBCA6005A3F5D /* AppDelegate.swift in Sources */ = {isa = PBXBuildFile; fileRef = 650118D81F2FBCA6005A3F5D /* AppDelegate.swift */; };
		650118DB1F2FBCA6005A3F5D /* ViewController.swift in Sources */ = {isa = PBXBuildFile; fileRef = 650118DA1F2FBCA6005A3F5D /* ViewController.swift */; };
		650118DE1F2FBCA6005A3F5D /* Main.storyboard in Resources */ = {isa = PBXBuildFile; fileRef = 650118DC1F2FBCA6005A3F5D /* Main.storyboard */; };
		650118E11F2FBCA6005A3F5D /* NCTest.xcdatamodeld in Sources */ = {isa = PBXBuildFile; fileRef = 650118DF1F2FBCA6005A3F5D /* NCTest.xcdatamodeld */; };
		650118E31F2FBCA6005A3F5D /* Assets.xcassets in Resources */ = {isa = PBXBuildFile; fileRef = 650118E21F2FBCA6005A3F5D /* Assets.xcassets */; };
		650118E61F2FBCA6005A3F5D /* LaunchScreen.storyboard in Resources */ = {isa = PBXBuildFile; fileRef = 650118E41F2FBCA6005A3F5D /* LaunchScreen.storyboard */; };
/* End PBXBuildFile section */

/* Begin PBXFileReference section */
		650118D51F2FBCA6005A3F5D /* NCTest.app */ = {isa = PBXFileReference; explicitFileType = wrapper.application; includeInIndex = 0; path = NCTest.app; sourceTree = BUILT_PRODUCTS_DIR; };
		650118D81F2FBCA6005A3F5D /* AppDelegate.swift */ = {isa = PBXFileReference; lastKnownFileType = sourcecode.swift; path = AppDelegate.swift; sourceTree = "<group>"; };
		650118DA1F2FBCA6005A3F5D /* ViewController.swift */ = {isa = PBXFileReference; lastKnownFileType = sourcecode.swift; path = ViewController.swift; sourceTree = "<group>"; };
		650118DD1F2FBCA6005A3F5D /* Base */ = {isa = PBXFileReference; lastKnownFileType = file.storyboard; name = Base; path = Base.lproj/Main.storyboard; sourceTree = "<group>"; };
		650118E01F2FBCA6005A3F5D /* NCTest.xcdatamodel */ = {isa = PBXFileReference; lastKnownFileType = wrapper.xcdatamodel; path = NCTest.xcdatamodel; sourceTree = "<group>"; };
		650118E21F2FBCA6005A3F5D /* Assets.xcassets */ = {isa = PBXFileReference; lastKnownFileType = folder.assetcatalog; path = Assets.xcassets; sourceTree = "<group>"; };
		650118E51F2FBCA6005A3F5D /* Base */ = {isa = PBXFileReference; lastKnownFileType = file.storyboard; name = Base; path = Base.lproj/LaunchScreen.storyboard; sourceTree = "<group>"; };
		650118E71F2FBCA6005A3F5D /* Info.plist */ = {isa = PBXFileReference; lastKnownFileType = text.plist.xml; path = Info.plist; sourceTree = "<group>"; };
/* End PBXFileReference section */

/* Begin PBXFrameworksBuildPhase section */
		650118D21F2FBCA6005A3F5D /* Frameworks */ = {
			isa = PBXFrameworksBuildPhase;
			buildActionMask = 2147483647;
			files = (
			);
			runOnlyForDeploymentPostprocessing = 0;
		};
/* End PBXFrameworksBuildPhase section */

/* Begin PBXGroup section */
		650118CC1F2FBCA5005A3F5D = {
			isa = PBXGroup;
			children = (
				650118D71F2FBCA6005A3F5D /* NCTest */,
				650118D61F2FBCA6005A3F5D /* Products */,
			);
			sourceTree = "<group>";
		};
		650118D61F2FBCA6005A3F5D /* Products */ = {
			isa = PBXGroup;
			children = (
				650118D51F2FBCA6005A3F5D /* NCTest.app */,
			);
			name = Products;
			sourceTree = "<group>";
		};
		650118D71F2FBCA6005A3F5D /* NCTest */ = {
			isa = PBXGroup;
			children = (
				650118D81F2FBCA6005A3F5D /* AppDelegate.swift */,
				650118DA1F2FBCA6005A3F5D /* ViewController.swift */,
				650118DC1F2FBCA6005A3F5D /* Main.storyboard */,
				650118E21F2FBCA6005A3F5D /* Assets.xcassets */,
				650118E41F2FBCA6005A3F5D /* LaunchScreen.storyboard */,
				650118E71F2FBCA6005A3F5D /* Info.plist */,
				650118DF1F2FBCA6005A3F5D /* NCTest.xcdatamodeld */,
			);
			path = NCTest;
			sourceTree = "<group>";
		};
/* End PBXGroup section */

/* Begin PBXNativeTarget section */
		650118D41F2FBCA6005A3F5D /* NCTest */ = {
			isa = PBXNativeTarget;
			buildConfigurationList = 650118EA1F2FBCA6005A3F5D /* Build configuration list for PBXNativeTarget "NCTest" */;
			buildPhases = (
				650118D11F2FBCA6005A3F5D /* Sources */,
				650118D21F2FBCA6005A3F5D /* Frameworks */,
				650118D31F2FBCA6005A3F5D /* Resources */,
			);
			buildRules = (
			);
			dependencies = (
			);
			name = NCTest;
			productName = NCTest;
			productReference = 650118D51F2FBCA6005A3F5D /* NCTest.app */;
			productType = "com.apple.product-type.application";
		};
/* End PBXNativeTarget section */

/* Begin PBXProject section */
		650118CD1F2FBCA6005A3F5D /* Project object */ = {
			isa = PBXProject;
			attributes = {
				LastSwiftUpdateCheck = 0830;
				LastUpgradeCheck = 0830;
				ORGANIZATIONNAME = murathas;
				TargetAttributes = {
					650118D41F2FBCA6005A3F5D = {
						CreatedOnToolsVersion = 8.3.2;
						DevelopmentTeam = 3XPVK7LWGW;
						ProvisioningStyle = Automatic;
					};
				};
			};
			buildConfigurationList = 650118D01F2FBCA6005A3F5D /* Build configuration list for PBXProject "NCTest" */;
			compatibilityVersion = "Xcode 3.2";
			developmentRegion = English;
			hasScannedForEncodings = 0;
			knownRegions = (
				en,
				Base,
			);
			mainGroup = 650118CC1F2FBCA5005A3F5D;
			productRefGroup = 650118D61F2FBCA6005A3F5D /* Products */;
			projectDirPath = "";
			projectRoot = "";
			targets = (
				650118D41F2FBCA6005A3F5D /* NCTest */,
			);
		};
/* End PBXProject section */

/* Begin PBXResourcesBuildPhase section */
		650118D31F2FBCA6005A3F5D /* Resources */ = {
			isa = PBXResourcesBuildPhase;
			buildActionMask = 2147483647;
			files = (
				650118E61F2FBCA6005A3F5D /* LaunchScreen.storyboard in Resources */,
				650118E31F2FBCA6005A3F5D /* Assets.xcassets in Resources */,
				650118DE1F2FBCA6005A3F5D /* Main.storyboard in Resources */,
			);
			runOnlyForDeploymentPostprocessing = 0;
		};
/* End PBXResourcesBuildPhase section */

/* Begin PBXSourcesBuildPhase section */
		650118D11F2FBCA6005A3F5D /* Sources */ = {
			isa = PBXSourcesBuildPhase;
			buildActionMask = 2147483647;
			files = (
				650118DB1F2FBCA6005A3F5D /* ViewController.swift in Sources */,
				650118D91F2FBCA6005A3F5D /* AppDelegate.swift in Sources */,
				650118E11F2FBCA6005A3F5D /* NCTest.xcdatamodeld in Sources */,
			);
			runOnlyForDeploymentPostprocessing = 0;
		};
/* End PBXSourcesBuildPhase section */

/* Begin PBXVariantGroup section */
		650118DC1F2FBCA6005A3F5D /* Main.storyboard */ = {
			isa = PBXVariantGroup;
			children = (
				650118DD1F2FBCA6005A3F5D /* Base */,
			);
			name = Main.storyboard;
			sourceTree = "<group>";
		};
		650118E41F2FBCA6005A3F5D /* LaunchScreen.storyboard */ = {
			isa = PBXVariantGroup;
			children = (
				650118E51F2FBCA6005A3F5D /* Base */,
			);
			name = LaunchScreen.storyboard;
			sourceTree = "<group>";
		};
/* End PBXVariantGroup section */

/* Begin XCBuildConfiguration section */
		650118E81F2FBCA6005A3F5D /* Debug */ = {
			isa = XCBuildConfiguration;
			buildSettings = {
				ALWAYS_SEARCH_USER_PATHS = NO;
				CLANG_ANALYZER_NONNULL = YES;
				CLANG_ANALYZER_NUMBER_OBJECT_CONVERSION = YES_AGGRESSIVE;
				CLANG_CXX_LANGUAGE_STANDARD = "gnu++0x";
				CLANG_CXX_LIBRARY = "libc++";
				CLANG_ENABLE_MODULES = YES;
				CLANG_ENABLE_OBJC_ARC = YES;
				CLANG_WARN_BOOL_CONVERSION = YES;
				CLANG_WARN_CONSTANT_CONVERSION = YES;
				CLANG_WARN_DIRECT_OBJC_ISA_USAGE = YES_ERROR;
				CLANG_WARN_DOCUMENTATION_COMMENTS = YES;
				CLANG_WARN_EMPTY_BODY = YES;
				CLANG_WARN_ENUM_CONVERSION = YES;
				CLANG_WARN_INFINITE_RECURSION = YES;
				CLANG_WARN_INT_CONVERSION = YES;
				CLANG_WARN_OBJC_ROOT_CLASS = YES_ERROR;
				CLANG_WARN_SUSPICIOUS_MOVE = YES;
				CLANG_WARN_UNREACHABLE_CODE = YES;
				CLANG_WARN__DUPLICATE_METHOD_MATCH = YES;
				"CODE_SIGN_IDENTITY[sdk=iphoneos*]" = "iPhone Developer";
				COPY_PHASE_STRIP = NO;
				DEBUG_INFORMATION_FORMAT = dwarf;
				ENABLE_STRICT_OBJC_MSGSEND = YES;
				ENABLE_TESTABILITY = YES;
				GCC_C_LANGUAGE_STANDARD = gnu99;
				GCC_DYNAMIC_NO_PIC = NO;
				GCC_NO_COMMON_BLOCKS = YES;
				GCC_OPTIMIZATION_LEVEL = 0;
				GCC_PREPROCESSOR_DEFINITIONS = (
					"DEBUG=1",
					"$(inherited)",
				);
				GCC_WARN_64_TO_32_BIT_CONVERSION = YES;
				GCC_WARN_ABOUT_RETURN_TYPE = YES_ERROR;
				GCC_WARN_UNDECLARED_SELECTOR = YES;
				GCC_WARN_UNINITIALIZED_AUTOS = YES_AGGRESSIVE;
				GCC_WARN_UNUSED_FUNCTION = YES;
				GCC_WARN_UNUSED_VARIABLE = YES;
				IPHONEOS_DEPLOYMENT_TARGET = 10.3;
				MTL_ENABLE_DEBUG_INFO = YES;
				ONLY_ACTIVE_ARCH = YES;
				SDKROOT = iphoneos;
				SWIFT_ACTIVE_COMPILATION_CONDITIONS = DEBUG;
				SWIFT_OPTIMIZATION_LEVEL = "-Onone";
				TARGETED_DEVICE_FAMILY = "1,2";
			};
			name = Debug;
		};
		650118E91F2FBCA6005A3F5D /* Release */ = {
			isa = XCBuildConfiguration;
			buildSettings = {
				ALWAYS_SEARCH_USER_PATHS = NO;
				CLANG_ANALYZER_NONNULL = YES;
				CLANG_ANALYZER_NUMBER_OBJECT_CONVERSION = YES_AGGRESSIVE;
				CLANG_CXX_LANGUAGE_STANDARD = "gnu++0x";
				CLANG_CXX_LIBRARY = "libc++";
				CLANG_ENABLE_MODULES = YES;
				CLANG_ENABLE_OBJC_ARC = YES;
				CLANG_WARN_BOOL_CONVERSION = YES;
				CLANG_WARN_CONSTANT_CONVERSION = YES;
				CLANG_WARN_DIRECT_OBJC_ISA_USAGE = YES_ERROR;
				CLANG_WARN_DOCUMENTATION_COMMENTS = YES;
				CLANG_WARN_EMPTY_BODY = YES;
				CLANG_WARN_ENUM_CONVERSION = YES;
				CLANG_WARN_INFINITE_RECURSION = YES;
				CLANG_WARN_INT_CONVERSION = YES;
				CLANG_WARN_OBJC_ROOT_CLASS = YES_ERROR;
				CLANG_WARN_SUSPICIOUS_MOVE = YES;
				CLANG_WARN_UNREACHABLE_CODE = YES;
				CLANG_WARN__DUPLICATE_METHOD_MATCH = YES;
				"CODE_SIGN_IDENTITY[sdk=iphoneos*]" = "iPhone Developer";
				COPY_PHASE_STRIP = NO;
				DEBUG_INFORMATION_FORMAT = "dwarf-with-dsym";
				ENABLE_NS_ASSERTIONS = NO;
				ENABLE_STRICT_OBJC_MSGSEND = YES;
				GCC_C_LANGUAGE_STANDARD = gnu99;
				GCC_NO_COMMON_BLOCKS = YES;
				GCC_WARN_64_TO_32_BIT_CONVERSION = YES;
				GCC_WARN_ABOUT_RETURN_TYPE = YES_ERROR;
				GCC_WARN_UNDECLARED_SELECTOR = YES;
				GCC_WARN_UNINITIALIZED_AUTOS = YES_AGGRESSIVE;
				GCC_WARN_UNUSED_FUNCTION = YES;
				GCC_WARN_UNUSED_VARIABLE = YES;
				IPHONEOS_DEPLOYMENT_TARGET = 10.3;
				MTL_ENABLE_DEBUG_INFO = NO;
				SDKROOT = iphoneos;
				SWIFT_OPTIMIZATION_LEVEL = "-Owholemodule";
				TARGETED_DEVICE_FAMILY = "1,2";
				VALIDATE_PRODUCT = YES;
			};
			name = Release;
		};
		650118EB1F2FBCA6005A3F5D /* Debug */ = {
			isa = XCBuildConfiguration;
			buildSettings = {
				ASSETCATALOG_COMPILER_APPICON_NAME = AppIcon;
				DEVELOPMENT_TEAM = 3XPVK7LWGW;
				INFOPLIST_FILE = NCTest/Info.plist;
				LD_RUNPATH_SEARCH_PATHS = "$(inherited) @executable_path/Frameworks";
				PRODUCT_BUNDLE_IDENTIFIER = com.murat.test.NCTest;
				PRODUCT_NAME = "$(TARGET_NAME)";
				SWIFT_VERSION = 3.0;
			};
			name = Debug;
		};
		650118EC1F2FBCA6005A3F5D /* Release */ = {
			isa = XCBuildConfiguration;
			buildSettings = {
				ASSETCATALOG_COMPILER_APPICON_NAME = AppIcon;
				DEVELOPMENT_TEAM = 3XPVK7LWGW;
				INFOPLIST_FILE = NCTest/Info.plist;
				LD_RUNPATH_SEARCH_PATHS = "$(inherited) @executable_path/Frameworks";
				PRODUCT_BUNDLE_IDENTIFIER = com.murat.test.NCTest;
				PRODUCT_NAME = "$(TARGET_NAME)";
				SWIFT_VERSION = 3.0;
			};
			name = Release;
		};
/* End XCBuildConfiguration section */

/* Begin XCConfigurationList section */
		650118D01F2FBCA6005A3F5D /* Build configuration list for PBXProject "NCTest" */ = {
			isa = XCConfigurationList;
			buildConfigurations = (
				650118E81F2FBCA6005A3F5D /* Debug */,
				650118E91F2FBCA6005A3F5D /* Release */,
			);
			defaultConfigurationIsVisible = 0;
			defaultConfigurationName = Release;
		};
		650118EA1F2FBCA6005A3F5D /* Build configuration list for PBXNativeTarget "NCTest" */ = {
			isa = XCConfigurationList;
			buildConfigurations = (
				650118EB1F2FBCA6005A3F5D /* Debug */,
				650118EC1F2FBCA6005A3F5D /* Release */,
			);
			defaultConfigurationIsVisible = 0;
		};
/* End XCConfigurationList section */

/* Begin XCVersionGroup section */
		650118DF1F2FBCA6005A3F5D /* NCTest.xcdatamodeld */ = {
			isa = XCVersionGroup;
			children = (
				650118E01F2FBCA6005A3F5D /* NCTest.xcdatamodel */,
			);
			currentVersion = 650118E01F2FBCA6005A3F5D /* NCTest.xcdatamodel */;
			path = NCTest.xcdatamodeld;
			sourceTree = "<group>";
			versionGroupType = wrapper.xcdatamodel;
		};
/* End XCVersionGroup section */
	};
	rootObject = 650118CD1F2FBCA6005A3F5D /* Project object */;
}
