// !$*UTF8*$!
{
	archiveVersion = 1;
	classes = {
	};
	objectVersion = 46;
	objects = {

/* Begin PBXBuildFile section */
		65F479711F7533E2006CB1D3 /* AppDelegate.swift in Sources */ = {isa = PBXBuildFile; fileRef = 65F479701F7533E2006CB1D3 /* AppDelegate.swift */; };
		65F479731F7533E2006CB1D3 /* MapVC.swift in Sources */ = {isa = PBXBuildFile; fileRef = 65F479721F7533E2006CB1D3 /* MapVC.swift */; };
		65F479761F7533E2006CB1D3 /* Main.storyboard in Resources */ = {isa = PBXBuildFile; fileRef = 65F479741F7533E2006CB1D3 /* Main.storyboard */; };
		65F479791F7533E2006CB1D3 /* Travel_Map_book.xcdatamodeld in Sources */ = {isa = PBXBuildFile; fileRef = 65F479771F7533E2006CB1D3 /* Travel_Map_book.xcdatamodeld */; };
		65F4797B1F7533E2006CB1D3 /* Assets.xcassets in Resources */ = {isa = PBXBuildFile; fileRef = 65F4797A1F7533E2006CB1D3 /* Assets.xcassets */; };
		65F4797E1F7533E2006CB1D3 /* LaunchScreen.storyboard in Resources */ = {isa = PBXBuildFile; fileRef = 65F4797C1F7533E2006CB1D3 /* LaunchScreen.storyboard */; };
		65F479861F75A10C006CB1D3 /* TablViewVC.swift in Sources */ = {isa = PBXBuildFile; fileRef = 65F479851F75A10C006CB1D3 /* TablViewVC.swift */; };
/* End PBXBuildFile section */

/* Begin PBXFileReference section */
		65F4796D1F7533E2006CB1D3 /* Travel Map book.app */ = {isa = PBXFileReference; explicitFileType = wrapper.application; includeInIndex = 0; path = "Travel Map book.app"; sourceTree = BUILT_PRODUCTS_DIR; };
		65F479701F7533E2006CB1D3 /* AppDelegate.swift */ = {isa = PBXFileReference; lastKnownFileType = sourcecode.swift; path = AppDelegate.swift; sourceTree = "<group>"; };
		65F479721F7533E2006CB1D3 /* MapVC.swift */ = {isa = PBXFileReference; lastKnownFileType = sourcecode.swift; path = MapVC.swift; sourceTree = "<group>"; };
		65F479751F7533E2006CB1D3 /* Base */ = {isa = PBXFileReference; lastKnownFileType = file.storyboard; name = Base; path = Base.lproj/Main.storyboard; sourceTree = "<group>"; };
		65F479781F7533E2006CB1D3 /* Travel_Map_book.xcdatamodel */ = {isa = PBXFileReference; lastKnownFileType = wrapper.xcdatamodel; path = Travel_Map_book.xcdatamodel; sourceTree = "<group>"; };
		65F4797A1F7533E2006CB1D3 /* Assets.xcassets */ = {isa = PBXFileReference; lastKnownFileType = folder.assetcatalog; path = Assets.xcassets; sourceTree = "<group>"; };
		65F4797D1F7533E2006CB1D3 /* Base */ = {isa = PBXFileReference; lastKnownFileType = file.storyboard; name = Base; path = Base.lproj/LaunchScreen.storyboard; sourceTree = "<group>"; };
		65F4797F1F7533E2006CB1D3 /* Info.plist */ = {isa = PBXFileReference; lastKnownFileType = text.plist.xml; path = Info.plist; sourceTree = "<group>"; };
		65F479851F75A10C006CB1D3 /* TablViewVC.swift */ = {isa = PBXFileReference; fileEncoding = 4; lastKnownFileType = sourcecode.swift; path = TablViewVC.swift; sourceTree = "<group>"; };
/* End PBXFileReference section */

/* Begin PBXFrameworksBuildPhase section */
		65F4796A1F7533E2006CB1D3 /* Frameworks */ = {
			isa = PBXFrameworksBuildPhase;
			buildActionMask = 2147483647;
			files = (
			);
			runOnlyForDeploymentPostprocessing = 0;
		};
/* End PBXFrameworksBuildPhase section */

/* Begin PBXGroup section */
		65F479641F7533E2006CB1D3 = {
			isa = PBXGroup;
			children = (
				65F4796F1F7533E2006CB1D3 /* Travel Map book */,
				65F4796E1F7533E2006CB1D3 /* Products */,
			);
			sourceTree = "<group>";
		};
		65F4796E1F7533E2006CB1D3 /* Products */ = {
			isa = PBXGroup;
			children = (
				65F4796D1F7533E2006CB1D3 /* Travel Map book.app */,
			);
			name = Products;
			sourceTree = "<group>";
		};
		65F4796F1F7533E2006CB1D3 /* Travel Map book */ = {
			isa = PBXGroup;
			children = (
				65F479701F7533E2006CB1D3 /* AppDelegate.swift */,
				65F479721F7533E2006CB1D3 /* MapVC.swift */,
				65F479851F75A10C006CB1D3 /* TablViewVC.swift */,
				65F479741F7533E2006CB1D3 /* Main.storyboard */,
				65F4797A1F7533E2006CB1D3 /* Assets.xcassets */,
				65F4797C1F7533E2006CB1D3 /* LaunchScreen.storyboard */,
				65F4797F1F7533E2006CB1D3 /* Info.plist */,
				65F479771F7533E2006CB1D3 /* Travel_Map_book.xcdatamodeld */,
			);
			path = "Travel Map book";
			sourceTree = "<group>";
		};
/* End PBXGroup section */

/* Begin PBXNativeTarget section */
		65F4796C1F7533E2006CB1D3 /* Travel Map book */ = {
			isa = PBXNativeTarget;
			buildConfigurationList = 65F479821F7533E2006CB1D3 /* Build configuration list for PBXNativeTarget "Travel Map book" */;
			buildPhases = (
				65F479691F7533E2006CB1D3 /* Sources */,
				65F4796A1F7533E2006CB1D3 /* Frameworks */,
				65F4796B1F7533E2006CB1D3 /* Resources */,
			);
			buildRules = (
			);
			dependencies = (
			);
			name = "Travel Map book";
			productName = "Travel Map book";
			productReference = 65F4796D1F7533E2006CB1D3 /* Travel Map book.app */;
			productType = "com.apple.product-type.application";
		};
/* End PBXNativeTarget section */

/* Begin PBXProject section */
		65F479651F7533E2006CB1D3 /* Project object */ = {
			isa = PBXProject;
			attributes = {
				LastSwiftUpdateCheck = 0830;
				LastUpgradeCheck = 0830;
				ORGANIZATIONNAME = biotek;
				TargetAttributes = {
					65F4796C1F7533E2006CB1D3 = {
						CreatedOnToolsVersion = 8.3.2;
						DevelopmentTeam = 3XPVK7LWGW;
						ProvisioningStyle = Automatic;
					};
				};
			};
			buildConfigurationList = 65F479681F7533E2006CB1D3 /* Build configuration list for PBXProject "Travel Map book" */;
			compatibilityVersion = "Xcode 3.2";
			developmentRegion = English;
			hasScannedForEncodings = 0;
			knownRegions = (
				en,
				Base,
			);
			mainGroup = 65F479641F7533E2006CB1D3;
			productRefGroup = 65F4796E1F7533E2006CB1D3 /* Products */;
			projectDirPath = "";
			projectRoot = "";
			targets = (
				65F4796C1F7533E2006CB1D3 /* Travel Map book */,
			);
		};
/* End PBXProject section */

/* Begin PBXResourcesBuildPhase section */
		65F4796B1F7533E2006CB1D3 /* Resources */ = {
			isa = PBXResourcesBuildPhase;
			buildActionMask = 2147483647;
			files = (
				65F4797E1F7533E2006CB1D3 /* LaunchScreen.storyboard in Resources */,
				65F4797B1F7533E2006CB1D3 /* Assets.xcassets in Resources */,
				65F479761F7533E2006CB1D3 /* Main.storyboard in Resources */,
			);
			runOnlyForDeploymentPostprocessing = 0;
		};
/* End PBXResourcesBuildPhase section */

/* Begin PBXSourcesBuildPhase section */
		65F479691F7533E2006CB1D3 /* Sources */ = {
			isa = PBXSourcesBuildPhase;
			buildActionMask = 2147483647;
			files = (
				65F479731F7533E2006CB1D3 /* MapVC.swift in Sources */,
				65F479791F7533E2006CB1D3 /* Travel_Map_book.xcdatamodeld in Sources */,
				65F479861F75A10C006CB1D3 /* TablViewVC.swift in Sources */,
				65F479711F7533E2006CB1D3 /* AppDelegate.swift in Sources */,
			);
			runOnlyForDeploymentPostprocessing = 0;
		};
/* End PBXSourcesBuildPhase section */

/* Begin PBXVariantGroup section */
		65F479741F7533E2006CB1D3 /* Main.storyboard */ = {
			isa = PBXVariantGroup;
			children = (
				65F479751F7533E2006CB1D3 /* Base */,
			);
			name = Main.storyboard;
			sourceTree = "<group>";
		};
		65F4797C1F7533E2006CB1D3 /* LaunchScreen.storyboard */ = {
			isa = PBXVariantGroup;
			children = (
				65F4797D1F7533E2006CB1D3 /* Base */,
			);
			name = LaunchScreen.storyboard;
			sourceTree = "<group>";
		};
/* End PBXVariantGroup section */

/* Begin XCBuildConfiguration section */
		65F479801F7533E2006CB1D3 /* Debug */ = {
			isa = XCBuildConfiguration;
			buildSettings = {
				ALWAYS_SEARCH_USER_PATHS = NO;
				CLANG_ANALYZER_NONNULL = YES;
				CLANG_ANALYZER_NUMBER_OBJECT_CONVERSION = YES_AGGRESSIVE;
				CLANG_CXX_LANGUAGE_STANDARD = "gnu++0x";
				CLANG_CXX_LIBRARY = "libc++";
				CLANG_ENABLE_MODULES = YES;
				CLANG_ENABLE_OBJC_ARC = YES;
				CLANG_WARN_BOOL_CONVERSION = YES;
				CLANG_WARN_CONSTANT_CONVERSION = YES;
				CLANG_WARN_DIRECT_OBJC_ISA_USAGE = YES_ERROR;
				CLANG_WARN_DOCUMENTATION_COMMENTS = YES;
				CLANG_WARN_EMPTY_BODY = YES;
				CLANG_WARN_ENUM_CONVERSION = YES;
				CLANG_WARN_INFINITE_RECURSION = YES;
				CLANG_WARN_INT_CONVERSION = YES;
				CLANG_WARN_OBJC_ROOT_CLASS = YES_ERROR;
				CLANG_WARN_SUSPICIOUS_MOVE = YES;
				CLANG_WARN_UNREACHABLE_CODE = YES;
				CLANG_WARN__DUPLICATE_METHOD_MATCH = YES;
				"CODE_SIGN_IDENTITY[sdk=iphoneos*]" = "iPhone Developer";
				COPY_PHASE_STRIP = NO;
				DEBUG_INFORMATION_FORMAT = dwarf;
				ENABLE_STRICT_OBJC_MSGSEND = YES;
				ENABLE_TESTABILITY = YES;
				GCC_C_LANGUAGE_STANDARD = gnu99;
				GCC_DYNAMIC_NO_PIC = NO;
				GCC_NO_COMMON_BLOCKS = YES;
				GCC_OPTIMIZATION_LEVEL = 0;
				GCC_PREPROCESSOR_DEFINITIONS = (
					"DEBUG=1",
					"$(inherited)",
				);
				GCC_WARN_64_TO_32_BIT_CONVERSION = YES;
				GCC_WARN_ABOUT_RETURN_TYPE = YES_ERROR;
				GCC_WARN_UNDECLARED_SELECTOR = YES;
				GCC_WARN_UNINITIALIZED_AUTOS = YES_AGGRESSIVE;
				GCC_WARN_UNUSED_FUNCTION = YES;
				GCC_WARN_UNUSED_VARIABLE = YES;
				IPHONEOS_DEPLOYMENT_TARGET = 10.3;
				MTL_ENABLE_DEBUG_INFO = YES;
				ONLY_ACTIVE_ARCH = YES;
				SDKROOT = iphoneos;
				SWIFT_ACTIVE_COMPILATION_CONDITIONS = DEBUG;
				SWIFT_OPTIMIZATION_LEVEL = "-Onone";
				TARGETED_DEVICE_FAMILY = "1,2";
			};
			name = Debug;
		};
		65F479811F7533E2006CB1D3 /* Release */ = {
			isa = XCBuildConfiguration;
			buildSettings = {
				ALWAYS_SEARCH_USER_PATHS = NO;
				CLANG_ANALYZER_NONNULL = YES;
				CLANG_ANALYZER_NUMBER_OBJECT_CONVERSION = YES_AGGRESSIVE;
				CLANG_CXX_LANGUAGE_STANDARD = "gnu++0x";
				CLANG_CXX_LIBRARY = "libc++";
				CLANG_ENABLE_MODULES = YES;
				CLANG_ENABLE_OBJC_ARC = YES;
				CLANG_WARN_BOOL_CONVERSION = YES;
				CLANG_WARN_CONSTANT_CONVERSION = YES;
				CLANG_WARN_DIRECT_OBJC_ISA_USAGE = YES_ERROR;
				CLANG_WARN_DOCUMENTATION_COMMENTS = YES;
				CLANG_WARN_EMPTY_BODY = YES;
				CLANG_WARN_ENUM_CONVERSION = YES;
				CLANG_WARN_INFINITE_RECURSION = YES;
				CLANG_WARN_INT_CONVERSION = YES;
				CLANG_WARN_OBJC_ROOT_CLASS = YES_ERROR;
				CLANG_WARN_SUSPICIOUS_MOVE = YES;
				CLANG_WARN_UNREACHABLE_CODE = YES;
				CLANG_WARN__DUPLICATE_METHOD_MATCH = YES;
				"CODE_SIGN_IDENTITY[sdk=iphoneos*]" = "iPhone Developer";
				COPY_PHASE_STRIP = NO;
				DEBUG_INFORMATION_FORMAT = "dwarf-with-dsym";
				ENABLE_NS_ASSERTIONS = NO;
				ENABLE_STRICT_OBJC_MSGSEND = YES;
				GCC_C_LANGUAGE_STANDARD = gnu99;
				GCC_NO_COMMON_BLOCKS = YES;
				GCC_WARN_64_TO_32_BIT_CONVERSION = YES;
				GCC_WARN_ABOUT_RETURN_TYPE = YES_ERROR;
				GCC_WARN_UNDECLARED_SELECTOR = YES;
				GCC_WARN_UNINITIALIZED_AUTOS = YES_AGGRESSIVE;
				GCC_WARN_UNUSED_FUNCTION = YES;
				GCC_WARN_UNUSED_VARIABLE = YES;
				IPHONEOS_DEPLOYMENT_TARGET = 10.3;
				MTL_ENABLE_DEBUG_INFO = NO;
				SDKROOT = iphoneos;
				SWIFT_OPTIMIZATION_LEVEL = "-Owholemodule";
				TARGETED_DEVICE_FAMILY = "1,2";
				VALIDATE_PRODUCT = YES;
			};
			name = Release;
		};
		65F479831F7533E2006CB1D3 /* Debug */ = {
			isa = XCBuildConfiguration;
			buildSettings = {
				ASSETCATALOG_COMPILER_APPICON_NAME = AppIcon;
				DEVELOPMENT_TEAM = 3XPVK7LWGW;
				INFOPLIST_FILE = "Travel Map book/Info.plist";
				LD_RUNPATH_SEARCH_PATHS = "$(inherited) @executable_path/Frameworks";
				PRODUCT_BUNDLE_IDENTIFIER = "com.biotek.Travel-Map-book";
				PRODUCT_NAME = "$(TARGET_NAME)";
				SWIFT_VERSION = 3.0;
			};
			name = Debug;
		};
		65F479841F7533E2006CB1D3 /* Release */ = {
			isa = XCBuildConfiguration;
			buildSettings = {
				ASSETCATALOG_COMPILER_APPICON_NAME = AppIcon;
				DEVELOPMENT_TEAM = 3XPVK7LWGW;
				INFOPLIST_FILE = "Travel Map book/Info.plist";
				LD_RUNPATH_SEARCH_PATHS = "$(inherited) @executable_path/Frameworks";
				PRODUCT_BUNDLE_IDENTIFIER = "com.biotek.Travel-Map-book";
				PRODUCT_NAME = "$(TARGET_NAME)";
				SWIFT_VERSION = 3.0;
			};
			name = Release;
		};
/* End XCBuildConfiguration section */

/* Begin XCConfigurationList section */
		65F479681F7533E2006CB1D3 /* Build configuration list for PBXProject "Travel Map book" */ = {
			isa = XCConfigurationList;
			buildConfigurations = (
				65F479801F7533E2006CB1D3 /* Debug */,
				65F479811F7533E2006CB1D3 /* Release */,
			);
			defaultConfigurationIsVisible = 0;
			defaultConfigurationName = Release;
		};
		65F479821F7533E2006CB1D3 /* Build configuration list for PBXNativeTarget "Travel Map book" */ = {
			isa = XCConfigurationList;
			buildConfigurations = (
				65F479831F7533E2006CB1D3 /* Debug */,
				65F479841F7533E2006CB1D3 /* Release */,
			);
			defaultConfigurationIsVisible = 0;
		};
/* End XCConfigurationList section */

/* Begin XCVersionGroup section */
		65F479771F7533E2006CB1D3 /* Travel_Map_book.xcdatamodeld */ = {
			isa = XCVersionGroup;
			children = (
				65F479781F7533E2006CB1D3 /* Travel_Map_book.xcdatamodel */,
			);
			currentVersion = 65F479781F7533E2006CB1D3 /* Travel_Map_book.xcdatamodel */;
			path = Travel_Map_book.xcdatamodeld;
			sourceTree = "<group>";
			versionGroupType = wrapper.xcdatamodel;
		};
/* End XCVersionGroup section */
	};
	rootObject = 65F479651F7533E2006CB1D3 /* Project object */;
}
