// !$*UTF8*$!
{
	archiveVersion = 1;
	classes = {
	};
	objectVersion = 46;
	objects = {

/* Begin PBXBuildFile section */
		48CB0B9F2926078F5AE5B809 /* Pods_NewsApp.framework in Frameworks */ = {isa = PBXBuildFile; fileRef = D92D93376AFA926F74847870 /* Pods_NewsApp.framework */; };
		6575160A1F320EFE002BD541 /* AppDelegate.swift in Sources */ = {isa = PBXBuildFile; fileRef = 657516091F320EFE002BD541 /* AppDelegate.swift */; };
		6575160C1F320EFE002BD541 /* ViewController.swift in Sources */ = {isa = PBXBuildFile; fileRef = 6575160B1F320EFE002BD541 /* ViewController.swift */; };
		6575160F1F320EFE002BD541 /* Main.storyboard in Resources */ = {isa = PBXBuildFile; fileRef = 6575160D1F320EFE002BD541 /* Main.storyboard */; };
		657516121F320EFE002BD541 /* NewsApp.xcdatamodeld in Sources */ = {isa = PBXBuildFile; fileRef = 657516101F320EFE002BD541 /* NewsApp.xcdatamodeld */; };
		657516141F320EFE002BD541 /* Assets.xcassets in Resources */ = {isa = PBXBuildFile; fileRef = 657516131F320EFE002BD541 /* Assets.xcassets */; };
		657516171F320EFE002BD541 /* LaunchScreen.storyboard in Resources */ = {isa = PBXBuildFile; fileRef = 657516151F320EFE002BD541 /* LaunchScreen.storyboard */; };
		6575161F1F3215BE002BD541 /* NewsTableViewCell.swift in Sources */ = {isa = PBXBuildFile; fileRef = 6575161E1F3215BE002BD541 /* NewsTableViewCell.swift */; };
		657516221F330C0F002BD541 /* cevre.xml in Resources */ = {isa = PBXBuildFile; fileRef = 657516211F330C0F002BD541 /* cevre.xml */; };
		657516241F332646002BD541 /* NewsDetailViewController.swift in Sources */ = {isa = PBXBuildFile; fileRef = 657516231F332646002BD541 /* NewsDetailViewController.swift */; };
/* End PBXBuildFile section */

/* Begin PBXFileReference section */
		04E1ECE39DBA1C8E5E32922D /* Pods-NewsApp.release.xcconfig */ = {isa = PBXFileReference; includeInIndex = 1; lastKnownFileType = text.xcconfig; name = "Pods-NewsApp.release.xcconfig"; path = "Pods/Target Support Files/Pods-NewsApp/Pods-NewsApp.release.xcconfig"; sourceTree = "<group>"; };
		657516061F320EFE002BD541 /* NewsApp.app */ = {isa = PBXFileReference; explicitFileType = wrapper.application; includeInIndex = 0; path = NewsApp.app; sourceTree = BUILT_PRODUCTS_DIR; };
		657516091F320EFE002BD541 /* AppDelegate.swift */ = {isa = PBXFileReference; lastKnownFileType = sourcecode.swift; path = AppDelegate.swift; sourceTree = "<group>"; };
		6575160B1F320EFE002BD541 /* ViewController.swift */ = {isa = PBXFileReference; lastKnownFileType = sourcecode.swift; path = ViewController.swift; sourceTree = "<group>"; };
		6575160E1F320EFE002BD541 /* Base */ = {isa = PBXFileReference; lastKnownFileType = file.storyboard; name = Base; path = Base.lproj/Main.storyboard; sourceTree = "<group>"; };
		657516111F320EFE002BD541 /* NewsApp.xcdatamodel */ = {isa = PBXFileReference; lastKnownFileType = wrapper.xcdatamodel; path = NewsApp.xcdatamodel; sourceTree = "<group>"; };
		657516131F320EFE002BD541 /* Assets.xcassets */ = {isa = PBXFileReference; lastKnownFileType = folder.assetcatalog; path = Assets.xcassets; sourceTree = "<group>"; };
		657516161F320EFE002BD541 /* Base */ = {isa = PBXFileReference; lastKnownFileType = file.storyboard; name = Base; path = Base.lproj/LaunchScreen.storyboard; sourceTree = "<group>"; };
		657516181F320EFE002BD541 /* Info.plist */ = {isa = PBXFileReference; lastKnownFileType = text.plist.xml; path = Info.plist; sourceTree = "<group>"; };
		6575161E1F3215BE002BD541 /* NewsTableViewCell.swift */ = {isa = PBXFileReference; fileEncoding = 4; lastKnownFileType = sourcecode.swift; path = NewsTableViewCell.swift; sourceTree = "<group>"; };
		657516211F330C0F002BD541 /* cevre.xml */ = {isa = PBXFileReference; fileEncoding = 4; lastKnownFileType = text.xml; path = cevre.xml; sourceTree = "<group>"; };
		657516231F332646002BD541 /* NewsDetailViewController.swift */ = {isa = PBXFileReference; fileEncoding = 4; lastKnownFileType = sourcecode.swift; path = NewsDetailViewController.swift; sourceTree = "<group>"; };
		8FA79A101FD54EB221EE243A /* Pods-NewsApp.debug.xcconfig */ = {isa = PBXFileReference; includeInIndex = 1; lastKnownFileType = text.xcconfig; name = "Pods-NewsApp.debug.xcconfig"; path = "Pods/Target Support Files/Pods-NewsApp/Pods-NewsApp.debug.xcconfig"; sourceTree = "<group>"; };
		D92D93376AFA926F74847870 /* Pods_NewsApp.framework */ = {isa = PBXFileReference; explicitFileType = wrapper.framework; includeInIndex = 0; path = Pods_NewsApp.framework; sourceTree = BUILT_PRODUCTS_DIR; };
/* End PBXFileReference section */

/* Begin PBXFrameworksBuildPhase section */
		657516031F320EFE002BD541 /* Frameworks */ = {
			isa = PBXFrameworksBuildPhase;
			buildActionMask = 2147483647;
			files = (
				48CB0B9F2926078F5AE5B809 /* Pods_NewsApp.framework in Frameworks */,
			);
			runOnlyForDeploymentPostprocessing = 0;
		};
/* End PBXFrameworksBuildPhase section */

/* Begin PBXGroup section */
		657515FD1F320EFD002BD541 = {
			isa = PBXGroup;
			children = (
				657516081F320EFE002BD541 /* NewsApp */,
				657516071F320EFE002BD541 /* Products */,
				676FC5996CD381FF6E496F5E /* Pods */,
				81EC9EFD586E0771A0705404 /* Frameworks */,
			);
			sourceTree = "<group>";
		};
		657516071F320EFE002BD541 /* Products */ = {
			isa = PBXGroup;
			children = (
				657516061F320EFE002BD541 /* NewsApp.app */,
			);
			name = Products;
			sourceTree = "<group>";
		};
		657516081F320EFE002BD541 /* NewsApp */ = {
			isa = PBXGroup;
			children = (
				657516201F330BE1002BD541 /* Resources */,
				657516091F320EFE002BD541 /* AppDelegate.swift */,
				6575160B1F320EFE002BD541 /* ViewController.swift */,
				6575160D1F320EFE002BD541 /* Main.storyboard */,
				657516131F320EFE002BD541 /* Assets.xcassets */,
				657516151F320EFE002BD541 /* LaunchScreen.storyboard */,
				657516181F320EFE002BD541 /* Info.plist */,
				657516101F320EFE002BD541 /* NewsApp.xcdatamodeld */,
				6575161E1F3215BE002BD541 /* NewsTableViewCell.swift */,
				657516231F332646002BD541 /* NewsDetailViewController.swift */,
			);
			path = NewsApp;
			sourceTree = "<group>";
		};
		657516201F330BE1002BD541 /* Resources */ = {
			isa = PBXGroup;
			children = (
				657516211F330C0F002BD541 /* cevre.xml */,
			);
			name = Resources;
			sourceTree = "<group>";
		};
		676FC5996CD381FF6E496F5E /* Pods */ = {
			isa = PBXGroup;
			children = (
				8FA79A101FD54EB221EE243A /* Pods-NewsApp.debug.xcconfig */,
				04E1ECE39DBA1C8E5E32922D /* Pods-NewsApp.release.xcconfig */,
			);
			name = Pods;
			sourceTree = "<group>";
		};
		81EC9EFD586E0771A0705404 /* Frameworks */ = {
			isa = PBXGroup;
			children = (
				D92D93376AFA926F74847870 /* Pods_NewsApp.framework */,
			);
			name = Frameworks;
			sourceTree = "<group>";
		};
/* End PBXGroup section */

/* Begin PBXNativeTarget section */
		657516051F320EFE002BD541 /* NewsApp */ = {
			isa = PBXNativeTarget;
			buildConfigurationList = 6575161B1F320EFE002BD541 /* Build configuration list for PBXNativeTarget "NewsApp" */;
			buildPhases = (
				1C435220671A3F50718E8272 /* [CP] Check Pods Manifest.lock */,
				657516021F320EFE002BD541 /* Sources */,
				657516031F320EFE002BD541 /* Frameworks */,
				657516041F320EFE002BD541 /* Resources */,
				00480E762AF8ACCEFABDF27B /* [CP] Embed Pods Frameworks */,
				03B7EFF8424BB0AF8AA517C7 /* [CP] Copy Pods Resources */,
			);
			buildRules = (
			);
			dependencies = (
			);
			name = NewsApp;
			productName = NewsApp;
			productReference = 657516061F320EFE002BD541 /* NewsApp.app */;
			productType = "com.apple.product-type.application";
		};
/* End PBXNativeTarget section */

/* Begin PBXProject section */
		657515FE1F320EFD002BD541 /* Project object */ = {
			isa = PBXProject;
			attributes = {
				LastSwiftUpdateCheck = 0830;
				LastUpgradeCheck = 0830;
				ORGANIZATIONNAME = murathas;
				TargetAttributes = {
					657516051F320EFE002BD541 = {
						CreatedOnToolsVersion = 8.3.2;
						DevelopmentTeam = 3XPVK7LWGW;
						ProvisioningStyle = Automatic;
					};
				};
			};
			buildConfigurationList = 657516011F320EFD002BD541 /* Build configuration list for PBXProject "NewsApp" */;
			compatibilityVersion = "Xcode 3.2";
			developmentRegion = English;
			hasScannedForEncodings = 0;
			knownRegions = (
				en,
				Base,
			);
			mainGroup = 657515FD1F320EFD002BD541;
			productRefGroup = 657516071F320EFE002BD541 /* Products */;
			projectDirPath = "";
			projectRoot = "";
			targets = (
				657516051F320EFE002BD541 /* NewsApp */,
			);
		};
/* End PBXProject section */

/* Begin PBXResourcesBuildPhase section */
		657516041F320EFE002BD541 /* Resources */ = {
			isa = PBXResourcesBuildPhase;
			buildActionMask = 2147483647;
			files = (
				657516171F320EFE002BD541 /* LaunchScreen.storyboard in Resources */,
				657516221F330C0F002BD541 /* cevre.xml in Resources */,
				657516141F320EFE002BD541 /* Assets.xcassets in Resources */,
				6575160F1F320EFE002BD541 /* Main.storyboard in Resources */,
			);
			runOnlyForDeploymentPostprocessing = 0;
		};
/* End PBXResourcesBuildPhase section */

/* Begin PBXShellScriptBuildPhase section */
		00480E762AF8ACCEFABDF27B /* [CP] Embed Pods Frameworks */ = {
			isa = PBXShellScriptBuildPhase;
			buildActionMask = 2147483647;
			files = (
			);
			inputPaths = (
			);
			name = "[CP] Embed Pods Frameworks";
			outputPaths = (
			);
			runOnlyForDeploymentPostprocessing = 0;
			shellPath = /bin/sh;
			shellScript = "\"${SRCROOT}/Pods/Target Support Files/Pods-NewsApp/Pods-NewsApp-frameworks.sh\"\n";
			showEnvVarsInLog = 0;
		};
		03B7EFF8424BB0AF8AA517C7 /* [CP] Copy Pods Resources */ = {
			isa = PBXShellScriptBuildPhase;
			buildActionMask = 2147483647;
			files = (
			);
			inputPaths = (
			);
			name = "[CP] Copy Pods Resources";
			outputPaths = (
			);
			runOnlyForDeploymentPostprocessing = 0;
			shellPath = /bin/sh;
			shellScript = "\"${SRCROOT}/Pods/Target Support Files/Pods-NewsApp/Pods-NewsApp-resources.sh\"\n";
			showEnvVarsInLog = 0;
		};
		1C435220671A3F50718E8272 /* [CP] Check Pods Manifest.lock */ = {
			isa = PBXShellScriptBuildPhase;
			buildActionMask = 2147483647;
			files = (
			);
			inputPaths = (
			);
			name = "[CP] Check Pods Manifest.lock";
			outputPaths = (
			);
			runOnlyForDeploymentPostprocessing = 0;
			shellPath = /bin/sh;
			shellScript = "diff \"${PODS_PODFILE_DIR_PATH}/Podfile.lock\" \"${PODS_ROOT}/Manifest.lock\" > /dev/null\nif [ $? != 0 ] ; then\n    # print error to STDERR\n    echo \"error: The sandbox is not in sync with the Podfile.lock. Run 'pod install' or update your CocoaPods installation.\" >&2\n    exit 1\nfi\n";
			showEnvVarsInLog = 0;
		};
/* End PBXShellScriptBuildPhase section */

/* Begin PBXSourcesBuildPhase section */
		657516021F320EFE002BD541 /* Sources */ = {
			isa = PBXSourcesBuildPhase;
			buildActionMask = 2147483647;
			files = (
				6575160C1F320EFE002BD541 /* ViewController.swift in Sources */,
				6575160A1F320EFE002BD541 /* AppDelegate.swift in Sources */,
				6575161F1F3215BE002BD541 /* NewsTableViewCell.swift in Sources */,
				657516121F320EFE002BD541 /* NewsApp.xcdatamodeld in Sources */,
				657516241F332646002BD541 /* NewsDetailViewController.swift in Sources */,
			);
			runOnlyForDeploymentPostprocessing = 0;
		};
/* End PBXSourcesBuildPhase section */

/* Begin PBXVariantGroup section */
		6575160D1F320EFE002BD541 /* Main.storyboard */ = {
			isa = PBXVariantGroup;
			children = (
				6575160E1F320EFE002BD541 /* Base */,
			);
			name = Main.storyboard;
			sourceTree = "<group>";
		};
		657516151F320EFE002BD541 /* LaunchScreen.storyboard */ = {
			isa = PBXVariantGroup;
			children = (
				657516161F320EFE002BD541 /* Base */,
			);
			name = LaunchScreen.storyboard;
			sourceTree = "<group>";
		};
/* End PBXVariantGroup section */

/* Begin XCBuildConfiguration section */
		657516191F320EFE002BD541 /* Debug */ = {
			isa = XCBuildConfiguration;
			buildSettings = {
				ALWAYS_SEARCH_USER_PATHS = NO;
				CLANG_ANALYZER_NONNULL = YES;
				CLANG_ANALYZER_NUMBER_OBJECT_CONVERSION = YES_AGGRESSIVE;
				CLANG_CXX_LANGUAGE_STANDARD = "gnu++0x";
				CLANG_CXX_LIBRARY = "libc++";
				CLANG_ENABLE_MODULES = YES;
				CLANG_ENABLE_OBJC_ARC = YES;
				CLANG_WARN_BOOL_CONVERSION = YES;
				CLANG_WARN_CONSTANT_CONVERSION = YES;
				CLANG_WARN_DIRECT_OBJC_ISA_USAGE = YES_ERROR;
				CLANG_WARN_DOCUMENTATION_COMMENTS = YES;
				CLANG_WARN_EMPTY_BODY = YES;
				CLANG_WARN_ENUM_CONVERSION = YES;
				CLANG_WARN_INFINITE_RECURSION = YES;
				CLANG_WARN_INT_CONVERSION = YES;
				CLANG_WARN_OBJC_ROOT_CLASS = YES_ERROR;
				CLANG_WARN_SUSPICIOUS_MOVE = YES;
				CLANG_WARN_UNREACHABLE_CODE = YES;
				CLANG_WARN__DUPLICATE_METHOD_MATCH = YES;
				"CODE_SIGN_IDENTITY[sdk=iphoneos*]" = "iPhone Developer";
				COPY_PHASE_STRIP = NO;
				DEBUG_INFORMATION_FORMAT = dwarf;
				ENABLE_STRICT_OBJC_MSGSEND = YES;
				ENABLE_TESTABILITY = YES;
				GCC_C_LANGUAGE_STANDARD = gnu99;
				GCC_DYNAMIC_NO_PIC = NO;
				GCC_NO_COMMON_BLOCKS = YES;
				GCC_OPTIMIZATION_LEVEL = 0;
				GCC_PREPROCESSOR_DEFINITIONS = (
					"DEBUG=1",
					"$(inherited)",
				);
				GCC_WARN_64_TO_32_BIT_CONVERSION = YES;
				GCC_WARN_ABOUT_RETURN_TYPE = YES_ERROR;
				GCC_WARN_UNDECLARED_SELECTOR = YES;
				GCC_WARN_UNINITIALIZED_AUTOS = YES_AGGRESSIVE;
				GCC_WARN_UNUSED_FUNCTION = YES;
				GCC_WARN_UNUSED_VARIABLE = YES;
				IPHONEOS_DEPLOYMENT_TARGET = 10.3;
				MTL_ENABLE_DEBUG_INFO = YES;
				ONLY_ACTIVE_ARCH = YES;
				SDKROOT = iphoneos;
				SWIFT_ACTIVE_COMPILATION_CONDITIONS = DEBUG;
				SWIFT_OPTIMIZATION_LEVEL = "-Onone";
				TARGETED_DEVICE_FAMILY = "1,2";
			};
			name = Debug;
		};
		6575161A1F320EFE002BD541 /* Release */ = {
			isa = XCBuildConfiguration;
			buildSettings = {
				ALWAYS_SEARCH_USER_PATHS = NO;
				CLANG_ANALYZER_NONNULL = YES;
				CLANG_ANALYZER_NUMBER_OBJECT_CONVERSION = YES_AGGRESSIVE;
				CLANG_CXX_LANGUAGE_STANDARD = "gnu++0x";
				CLANG_CXX_LIBRARY = "libc++";
				CLANG_ENABLE_MODULES = YES;
				CLANG_ENABLE_OBJC_ARC = YES;
				CLANG_WARN_BOOL_CONVERSION = YES;
				CLANG_WARN_CONSTANT_CONVERSION = YES;
				CLANG_WARN_DIRECT_OBJC_ISA_USAGE = YES_ERROR;
				CLANG_WARN_DOCUMENTATION_COMMENTS = YES;
				CLANG_WARN_EMPTY_BODY = YES;
				CLANG_WARN_ENUM_CONVERSION = YES;
				CLANG_WARN_INFINITE_RECURSION = YES;
				CLANG_WARN_INT_CONVERSION = YES;
				CLANG_WARN_OBJC_ROOT_CLASS = YES_ERROR;
				CLANG_WARN_SUSPICIOUS_MOVE = YES;
				CLANG_WARN_UNREACHABLE_CODE = YES;
				CLANG_WARN__DUPLICATE_METHOD_MATCH = YES;
				"CODE_SIGN_IDENTITY[sdk=iphoneos*]" = "iPhone Developer";
				COPY_PHASE_STRIP = NO;
				DEBUG_INFORMATION_FORMAT = "dwarf-with-dsym";
				ENABLE_NS_ASSERTIONS = NO;
				ENABLE_STRICT_OBJC_MSGSEND = YES;
				GCC_C_LANGUAGE_STANDARD = gnu99;
				GCC_NO_COMMON_BLOCKS = YES;
				GCC_WARN_64_TO_32_BIT_CONVERSION = YES;
				GCC_WARN_ABOUT_RETURN_TYPE = YES_ERROR;
				GCC_WARN_UNDECLARED_SELECTOR = YES;
				GCC_WARN_UNINITIALIZED_AUTOS = YES_AGGRESSIVE;
				GCC_WARN_UNUSED_FUNCTION = YES;
				GCC_WARN_UNUSED_VARIABLE = YES;
				IPHONEOS_DEPLOYMENT_TARGET = 10.3;
				MTL_ENABLE_DEBUG_INFO = NO;
				SDKROOT = iphoneos;
				SWIFT_OPTIMIZATION_LEVEL = "-Owholemodule";
				TARGETED_DEVICE_FAMILY = "1,2";
				VALIDATE_PRODUCT = YES;
			};
			name = Release;
		};
		6575161C1F320EFE002BD541 /* Debug */ = {
			isa = XCBuildConfiguration;
			baseConfigurationReference = 8FA79A101FD54EB221EE243A /* Pods-NewsApp.debug.xcconfig */;
			buildSettings = {
				ASSETCATALOG_COMPILER_APPICON_NAME = AppIcon;
				DEVELOPMENT_TEAM = 3XPVK7LWGW;
				INFOPLIST_FILE = NewsApp/Info.plist;
				LD_RUNPATH_SEARCH_PATHS = "$(inherited) @executable_path/Frameworks";
				PRODUCT_BUNDLE_IDENTIFIER = com.murat.test.NewsApp;
				PRODUCT_NAME = "$(TARGET_NAME)";
				SWIFT_VERSION = 3.0;
			};
			name = Debug;
		};
		6575161D1F320EFE002BD541 /* Release */ = {
			isa = XCBuildConfiguration;
			baseConfigurationReference = 04E1ECE39DBA1C8E5E32922D /* Pods-NewsApp.release.xcconfig */;
			buildSettings = {
				ASSETCATALOG_COMPILER_APPICON_NAME = AppIcon;
				DEVELOPMENT_TEAM = 3XPVK7LWGW;
				INFOPLIST_FILE = NewsApp/Info.plist;
				LD_RUNPATH_SEARCH_PATHS = "$(inherited) @executable_path/Frameworks";
				PRODUCT_BUNDLE_IDENTIFIER = com.murat.test.NewsApp;
				PRODUCT_NAME = "$(TARGET_NAME)";
				SWIFT_VERSION = 3.0;
			};
			name = Release;
		};
/* End XCBuildConfiguration section */

/* Begin XCConfigurationList section */
		657516011F320EFD002BD541 /* Build configuration list for PBXProject "NewsApp" */ = {
			isa = XCConfigurationList;
			buildConfigurations = (
				657516191F320EFE002BD541 /* Debug */,
				6575161A1F320EFE002BD541 /* Release */,
			);
			defaultConfigurationIsVisible = 0;
			defaultConfigurationName = Release;
		};
		6575161B1F320EFE002BD541 /* Build configuration list for PBXNativeTarget "NewsApp" */ = {
			isa = XCConfigurationList;
			buildConfigurations = (
				6575161C1F320EFE002BD541 /* Debug */,
				6575161D1F320EFE002BD541 /* Release */,
			);
			defaultConfigurationIsVisible = 0;
			defaultConfigurationName = Release;
		};
/* End XCConfigurationList section */

/* Begin XCVersionGroup section */
		657516101F320EFE002BD541 /* NewsApp.xcdatamodeld */ = {
			isa = XCVersionGroup;
			children = (
				657516111F320EFE002BD541 /* NewsApp.xcdatamodel */,
			);
			currentVersion = 657516111F320EFE002BD541 /* NewsApp.xcdatamodel */;
			path = NewsApp.xcdatamodeld;
			sourceTree = "<group>";
			versionGroupType = wrapper.xcdatamodel;
		};
/* End XCVersionGroup section */
	};
	rootObject = 657515FE1F320EFD002BD541 /* Project object */;
}
