// !$*UTF8*$!
{
	archiveVersion = 1;
	classes = {
	};
	objectVersion = 46;
	objects = {

/* Begin PBXBuildFile section */
		651260431F6EEAF2004FC0F0 /* AppDelegate.swift in Sources */ = {isa = PBXBuildFile; fileRef = 651260421F6EEAF2004FC0F0 /* AppDelegate.swift */; };
		651260451F6EEAF2004FC0F0 /* ViewController.swift in Sources */ = {isa = PBXBuildFile; fileRef = 651260441F6EEAF2004FC0F0 /* ViewController.swift */; };
		651260481F6EEAF2004FC0F0 /* Main.storyboard in Resources */ = {isa = PBXBuildFile; fileRef = 651260461F6EEAF2004FC0F0 /* Main.storyboard */; };
		6512604A1F6EEAF2004FC0F0 /* Assets.xcassets in Resources */ = {isa = PBXBuildFile; fileRef = 651260491F6EEAF2004FC0F0 /* Assets.xcassets */; };
		6512604D1F6EEAF2004FC0F0 /* LaunchScreen.storyboard in Resources */ = {isa = PBXBuildFile; fileRef = 6512604B1F6EEAF2004FC0F0 /* LaunchScreen.storyboard */; };
/* End PBXBuildFile section */

/* Begin PBXFileReference section */
		6512603F1F6EEAF2004FC0F0 /* AlertDialog.app */ = {isa = PBXFileReference; explicitFileType = wrapper.application; includeInIndex = 0; path = AlertDialog.app; sourceTree = BUILT_PRODUCTS_DIR; };
		651260421F6EEAF2004FC0F0 /* AppDelegate.swift */ = {isa = PBXFileReference; lastKnownFileType = sourcecode.swift; path = AppDelegate.swift; sourceTree = "<group>"; };
		651260441F6EEAF2004FC0F0 /* ViewController.swift */ = {isa = PBXFileReference; lastKnownFileType = sourcecode.swift; path = ViewController.swift; sourceTree = "<group>"; };
		651260471F6EEAF2004FC0F0 /* Base */ = {isa = PBXFileReference; lastKnownFileType = file.storyboard; name = Base; path = Base.lproj/Main.storyboard; sourceTree = "<group>"; };
		651260491F6EEAF2004FC0F0 /* Assets.xcassets */ = {isa = PBXFileReference; lastKnownFileType = folder.assetcatalog; path = Assets.xcassets; sourceTree = "<group>"; };
		6512604C1F6EEAF2004FC0F0 /* Base */ = {isa = PBXFileReference; lastKnownFileType = file.storyboard; name = Base; path = Base.lproj/LaunchScreen.storyboard; sourceTree = "<group>"; };
		6512604E1F6EEAF2004FC0F0 /* Info.plist */ = {isa = PBXFileReference; lastKnownFileType = text.plist.xml; path = Info.plist; sourceTree = "<group>"; };
/* End PBXFileReference section */

/* Begin PBXFrameworksBuildPhase section */
		6512603C1F6EEAF2004FC0F0 /* Frameworks */ = {
			isa = PBXFrameworksBuildPhase;
			buildActionMask = 2147483647;
			files = (
			);
			runOnlyForDeploymentPostprocessing = 0;
		};
/* End PBXFrameworksBuildPhase section */

/* Begin PBXGroup section */
		651260361F6EEAF2004FC0F0 = {
			isa = PBXGroup;
			children = (
				651260411F6EEAF2004FC0F0 /* AlertDialog */,
				651260401F6EEAF2004FC0F0 /* Products */,
			);
			sourceTree = "<group>";
		};
		651260401F6EEAF2004FC0F0 /* Products */ = {
			isa = PBXGroup;
			children = (
				6512603F1F6EEAF2004FC0F0 /* AlertDialog.app */,
			);
			name = Products;
			sourceTree = "<group>";
		};
		651260411F6EEAF2004FC0F0 /* AlertDialog */ = {
			isa = PBXGroup;
			children = (
				651260421F6EEAF2004FC0F0 /* AppDelegate.swift */,
				651260441F6EEAF2004FC0F0 /* ViewController.swift */,
				651260461F6EEAF2004FC0F0 /* Main.storyboard */,
				651260491F6EEAF2004FC0F0 /* Assets.xcassets */,
				6512604B1F6EEAF2004FC0F0 /* LaunchScreen.storyboard */,
				6512604E1F6EEAF2004FC0F0 /* Info.plist */,
			);
			path = AlertDialog;
			sourceTree = "<group>";
		};
/* End PBXGroup section */

/* Begin PBXNativeTarget section */
		6512603E1F6EEAF2004FC0F0 /* AlertDialog */ = {
			isa = PBXNativeTarget;
			buildConfigurationList = 651260511F6EEAF2004FC0F0 /* Build configuration list for PBXNativeTarget "AlertDialog" */;
			buildPhases = (
				6512603B1F6EEAF2004FC0F0 /* Sources */,
				6512603C1F6EEAF2004FC0F0 /* Frameworks */,
				6512603D1F6EEAF2004FC0F0 /* Resources */,
			);
			buildRules = (
			);
			dependencies = (
			);
			name = AlertDialog;
			productName = AlertDialog;
			productReference = 6512603F1F6EEAF2004FC0F0 /* AlertDialog.app */;
			productType = "com.apple.product-type.application";
		};
/* End PBXNativeTarget section */

/* Begin PBXProject section */
		651260371F6EEAF2004FC0F0 /* Project object */ = {
			isa = PBXProject;
			attributes = {
				LastSwiftUpdateCheck = 0830;
				LastUpgradeCheck = 0830;
				ORGANIZATIONNAME = biotek;
				TargetAttributes = {
					6512603E1F6EEAF2004FC0F0 = {
						CreatedOnToolsVersion = 8.3.2;
						DevelopmentTeam = 3XPVK7LWGW;
						ProvisioningStyle = Automatic;
					};
				};
			};
			buildConfigurationList = 6512603A1F6EEAF2004FC0F0 /* Build configuration list for PBXProject "AlertDialog" */;
			compatibilityVersion = "Xcode 3.2";
			developmentRegion = English;
			hasScannedForEncodings = 0;
			knownRegions = (
				en,
				Base,
			);
			mainGroup = 651260361F6EEAF2004FC0F0;
			productRefGroup = 651260401F6EEAF2004FC0F0 /* Products */;
			projectDirPath = "";
			projectRoot = "";
			targets = (
				6512603E1F6EEAF2004FC0F0 /* AlertDialog */,
			);
		};
/* End PBXProject section */

/* Begin PBXResourcesBuildPhase section */
		6512603D1F6EEAF2004FC0F0 /* Resources */ = {
			isa = PBXResourcesBuildPhase;
			buildActionMask = 2147483647;
			files = (
				6512604D1F6EEAF2004FC0F0 /* LaunchScreen.storyboard in Resources */,
				6512604A1F6EEAF2004FC0F0 /* Assets.xcassets in Resources */,
				651260481F6EEAF2004FC0F0 /* Main.storyboard in Resources */,
			);
			runOnlyForDeploymentPostprocessing = 0;
		};
/* End PBXResourcesBuildPhase section */

/* Begin PBXSourcesBuildPhase section */
		6512603B1F6EEAF2004FC0F0 /* Sources */ = {
			isa = PBXSourcesBuildPhase;
			buildActionMask = 2147483647;
			files = (
				651260451F6EEAF2004FC0F0 /* ViewController.swift in Sources */,
				651260431F6EEAF2004FC0F0 /* AppDelegate.swift in Sources */,
			);
			runOnlyForDeploymentPostprocessing = 0;
		};
/* End PBXSourcesBuildPhase section */

/* Begin PBXVariantGroup section */
		651260461F6EEAF2004FC0F0 /* Main.storyboard */ = {
			isa = PBXVariantGroup;
			children = (
				651260471F6EEAF2004FC0F0 /* Base */,
			);
			name = Main.storyboard;
			sourceTree = "<group>";
		};
		6512604B1F6EEAF2004FC0F0 /* LaunchScreen.storyboard */ = {
			isa = PBXVariantGroup;
			children = (
				6512604C1F6EEAF2004FC0F0 /* Base */,
			);
			name = LaunchScreen.storyboard;
			sourceTree = "<group>";
		};
/* End PBXVariantGroup section */

/* Begin XCBuildConfiguration section */
		6512604F1F6EEAF2004FC0F0 /* Debug */ = {
			isa = XCBuildConfiguration;
			buildSettings = {
				ALWAYS_SEARCH_USER_PATHS = NO;
				CLANG_ANALYZER_NONNULL = YES;
				CLANG_ANALYZER_NUMBER_OBJECT_CONVERSION = YES_AGGRESSIVE;
				CLANG_CXX_LANGUAGE_STANDARD = "gnu++0x";
				CLANG_CXX_LIBRARY = "libc++";
				CLANG_ENABLE_MODULES = YES;
				CLANG_ENABLE_OBJC_ARC = YES;
				CLANG_WARN_BOOL_CONVERSION = YES;
				CLANG_WARN_CONSTANT_CONVERSION = YES;
				CLANG_WARN_DIRECT_OBJC_ISA_USAGE = YES_ERROR;
				CLANG_WARN_DOCUMENTATION_COMMENTS = YES;
				CLANG_WARN_EMPTY_BODY = YES;
				CLANG_WARN_ENUM_CONVERSION = YES;
				CLANG_WARN_INFINITE_RECURSION = YES;
				CLANG_WARN_INT_CONVERSION = YES;
				CLANG_WARN_OBJC_ROOT_CLASS = YES_ERROR;
				CLANG_WARN_SUSPICIOUS_MOVE = YES;
				CLANG_WARN_UNREACHABLE_CODE = YES;
				CLANG_WARN__DUPLICATE_METHOD_MATCH = YES;
				"CODE_SIGN_IDENTITY[sdk=iphoneos*]" = "iPhone Developer";
				COPY_PHASE_STRIP = NO;
				DEBUG_INFORMATION_FORMAT = dwarf;
				ENABLE_STRICT_OBJC_MSGSEND = YES;
				ENABLE_TESTABILITY = YES;
				GCC_C_LANGUAGE_STANDARD = gnu99;
				GCC_DYNAMIC_NO_PIC = NO;
				GCC_NO_COMMON_BLOCKS = YES;
				GCC_OPTIMIZATION_LEVEL = 0;
				GCC_PREPROCESSOR_DEFINITIONS = (
					"DEBUG=1",
					"$(inherited)",
				);
				GCC_WARN_64_TO_32_BIT_CONVERSION = YES;
				GCC_WARN_ABOUT_RETURN_TYPE = YES_ERROR;
				GCC_WARN_UNDECLARED_SELECTOR = YES;
				GCC_WARN_UNINITIALIZED_AUTOS = YES_AGGRESSIVE;
				GCC_WARN_UNUSED_FUNCTION = YES;
				GCC_WARN_UNUSED_VARIABLE = YES;
				IPHONEOS_DEPLOYMENT_TARGET = 10.3;
				MTL_ENABLE_DEBUG_INFO = YES;
				ONLY_ACTIVE_ARCH = YES;
				SDKROOT = iphoneos;
				SWIFT_ACTIVE_COMPILATION_CONDITIONS = DEBUG;
				SWIFT_OPTIMIZATION_LEVEL = "-Onone";
				TARGETED_DEVICE_FAMILY = "1,2";
			};
			name = Debug;
		};
		651260501F6EEAF2004FC0F0 /* Release */ = {
			isa = XCBuildConfiguration;
			buildSettings = {
				ALWAYS_SEARCH_USER_PATHS = NO;
				CLANG_ANALYZER_NONNULL = YES;
				CLANG_ANALYZER_NUMBER_OBJECT_CONVERSION = YES_AGGRESSIVE;
				CLANG_CXX_LANGUAGE_STANDARD = "gnu++0x";
				CLANG_CXX_LIBRARY = "libc++";
				CLANG_ENABLE_MODULES = YES;
				CLANG_ENABLE_OBJC_ARC = YES;
				CLANG_WARN_BOOL_CONVERSION = YES;
				CLANG_WARN_CONSTANT_CONVERSION = YES;
				CLANG_WARN_DIRECT_OBJC_ISA_USAGE = YES_ERROR;
				CLANG_WARN_DOCUMENTATION_COMMENTS = YES;
				CLANG_WARN_EMPTY_BODY = YES;
				CLANG_WARN_ENUM_CONVERSION = YES;
				CLANG_WARN_INFINITE_RECURSION = YES;
				CLANG_WARN_INT_CONVERSION = YES;
				CLANG_WARN_OBJC_ROOT_CLASS = YES_ERROR;
				CLANG_WARN_SUSPICIOUS_MOVE = YES;
				CLANG_WARN_UNREACHABLE_CODE = YES;
				CLANG_WARN__DUPLICATE_METHOD_MATCH = YES;
				"CODE_SIGN_IDENTITY[sdk=iphoneos*]" = "iPhone Developer";
				COPY_PHASE_STRIP = NO;
				DEBUG_INFORMATION_FORMAT = "dwarf-with-dsym";
				ENABLE_NS_ASSERTIONS = NO;
				ENABLE_STRICT_OBJC_MSGSEND = YES;
				GCC_C_LANGUAGE_STANDARD = gnu99;
				GCC_NO_COMMON_BLOCKS = YES;
				GCC_WARN_64_TO_32_BIT_CONVERSION = YES;
				GCC_WARN_ABOUT_RETURN_TYPE = YES_ERROR;
				GCC_WARN_UNDECLARED_SELECTOR = YES;
				GCC_WARN_UNINITIALIZED_AUTOS = YES_AGGRESSIVE;
				GCC_WARN_UNUSED_FUNCTION = YES;
				GCC_WARN_UNUSED_VARIABLE = YES;
				IPHONEOS_DEPLOYMENT_TARGET = 10.3;
				MTL_ENABLE_DEBUG_INFO = NO;
				SDKROOT = iphoneos;
				SWIFT_OPTIMIZATION_LEVEL = "-Owholemodule";
				TARGETED_DEVICE_FAMILY = "1,2";
				VALIDATE_PRODUCT = YES;
			};
			name = Release;
		};
		651260521F6EEAF2004FC0F0 /* Debug */ = {
			isa = XCBuildConfiguration;
			buildSettings = {
				ASSETCATALOG_COMPILER_APPICON_NAME = AppIcon;
				DEVELOPMENT_TEAM = 3XPVK7LWGW;
				INFOPLIST_FILE = AlertDialog/Info.plist;
				LD_RUNPATH_SEARCH_PATHS = "$(inherited) @executable_path/Frameworks";
				PRODUCT_BUNDLE_IDENTIFIER = com.biotek.AlertDialog;
				PRODUCT_NAME = "$(TARGET_NAME)";
				SWIFT_VERSION = 3.0;
			};
			name = Debug;
		};
		651260531F6EEAF2004FC0F0 /* Release */ = {
			isa = XCBuildConfiguration;
			buildSettings = {
				ASSETCATALOG_COMPILER_APPICON_NAME = AppIcon;
				DEVELOPMENT_TEAM = 3XPVK7LWGW;
				INFOPLIST_FILE = AlertDialog/Info.plist;
				LD_RUNPATH_SEARCH_PATHS = "$(inherited) @executable_path/Frameworks";
				PRODUCT_BUNDLE_IDENTIFIER = com.biotek.AlertDialog;
				PRODUCT_NAME = "$(TARGET_NAME)";
				SWIFT_VERSION = 3.0;
			};
			name = Release;
		};
/* End XCBuildConfiguration section */

/* Begin XCConfigurationList section */
		6512603A1F6EEAF2004FC0F0 /* Build configuration list for PBXProject "AlertDialog" */ = {
			isa = XCConfigurationList;
			buildConfigurations = (
				6512604F1F6EEAF2004FC0F0 /* Debug */,
				651260501F6EEAF2004FC0F0 /* Release */,
			);
			defaultConfigurationIsVisible = 0;
			defaultConfigurationName = Release;
		};
		651260511F6EEAF2004FC0F0 /* Build configuration list for PBXNativeTarget "AlertDialog" */ = {
			isa = XCConfigurationList;
			buildConfigurations = (
				651260521F6EEAF2004FC0F0 /* Debug */,
				651260531F6EEAF2004FC0F0 /* Release */,
			);
			defaultConfigurationIsVisible = 0;
		};
/* End XCConfigurationList section */
	};
	rootObject = 651260371F6EEAF2004FC0F0 /* Project object */;
}
