// !$*UTF8*$!
{
	archiveVersion = 1;
	classes = {
	};
	objectVersion = 46;
	objects = {

/* Begin PBXBuildFile section */
		65A8959A1F77FEFE009325DC /* AppDelegate.swift in Sources */ = {isa = PBXBuildFile; fileRef = 65A895991F77FEFE009325DC /* AppDelegate.swift */; };
		65A8959C1F77FEFE009325DC /* ViewController.swift in Sources */ = {isa = PBXBuildFile; fileRef = 65A8959B1F77FEFE009325DC /* ViewController.swift */; };
		65A8959F1F77FEFE009325DC /* Main.storyboard in Resources */ = {isa = PBXBuildFile; fileRef = 65A8959D1F77FEFE009325DC /* Main.storyboard */; };
		65A895A21F77FEFE009325DC /* BiometricAuthentication.xcdatamodeld in Sources */ = {isa = PBXBuildFile; fileRef = 65A895A01F77FEFE009325DC /* BiometricAuthentication.xcdatamodeld */; };
		65A895A41F77FEFF009325DC /* Assets.xcassets in Resources */ = {isa = PBXBuildFile; fileRef = 65A895A31F77FEFF009325DC /* Assets.xcassets */; };
		65A895A71F77FEFF009325DC /* LaunchScreen.storyboard in Resources */ = {isa = PBXBuildFile; fileRef = 65A895A51F77FEFF009325DC /* LaunchScreen.storyboard */; };
/* End PBXBuildFile section */

/* Begin PBXFileReference section */
		65A895961F77FEFE009325DC /* BiometricAuthentication.app */ = {isa = PBXFileReference; explicitFileType = wrapper.application; includeInIndex = 0; path = BiometricAuthentication.app; sourceTree = BUILT_PRODUCTS_DIR; };
		65A895991F77FEFE009325DC /* AppDelegate.swift */ = {isa = PBXFileReference; lastKnownFileType = sourcecode.swift; path = AppDelegate.swift; sourceTree = "<group>"; };
		65A8959B1F77FEFE009325DC /* ViewController.swift */ = {isa = PBXFileReference; lastKnownFileType = sourcecode.swift; path = ViewController.swift; sourceTree = "<group>"; };
		65A8959E1F77FEFE009325DC /* Base */ = {isa = PBXFileReference; lastKnownFileType = file.storyboard; name = Base; path = Base.lproj/Main.storyboard; sourceTree = "<group>"; };
		65A895A11F77FEFE009325DC /* BiometricAuthentication.xcdatamodel */ = {isa = PBXFileReference; lastKnownFileType = wrapper.xcdatamodel; path = BiometricAuthentication.xcdatamodel; sourceTree = "<group>"; };
		65A895A31F77FEFF009325DC /* Assets.xcassets */ = {isa = PBXFileReference; lastKnownFileType = folder.assetcatalog; path = Assets.xcassets; sourceTree = "<group>"; };
		65A895A61F77FEFF009325DC /* Base */ = {isa = PBXFileReference; lastKnownFileType = file.storyboard; name = Base; path = Base.lproj/LaunchScreen.storyboard; sourceTree = "<group>"; };
		65A895A81F77FEFF009325DC /* Info.plist */ = {isa = PBXFileReference; lastKnownFileType = text.plist.xml; path = Info.plist; sourceTree = "<group>"; };
/* End PBXFileReference section */

/* Begin PBXFrameworksBuildPhase section */
		65A895931F77FEFE009325DC /* Frameworks */ = {
			isa = PBXFrameworksBuildPhase;
			buildActionMask = 2147483647;
			files = (
			);
			runOnlyForDeploymentPostprocessing = 0;
		};
/* End PBXFrameworksBuildPhase section */

/* Begin PBXGroup section */
		65A8958D1F77FEFE009325DC = {
			isa = PBXGroup;
			children = (
				65A895981F77FEFE009325DC /* BiometricAuthentication */,
				65A895971F77FEFE009325DC /* Products */,
			);
			sourceTree = "<group>";
		};
		65A895971F77FEFE009325DC /* Products */ = {
			isa = PBXGroup;
			children = (
				65A895961F77FEFE009325DC /* BiometricAuthentication.app */,
			);
			name = Products;
			sourceTree = "<group>";
		};
		65A895981F77FEFE009325DC /* BiometricAuthentication */ = {
			isa = PBXGroup;
			children = (
				65A895991F77FEFE009325DC /* AppDelegate.swift */,
				65A8959B1F77FEFE009325DC /* ViewController.swift */,
				65A8959D1F77FEFE009325DC /* Main.storyboard */,
				65A895A31F77FEFF009325DC /* Assets.xcassets */,
				65A895A51F77FEFF009325DC /* LaunchScreen.storyboard */,
				65A895A81F77FEFF009325DC /* Info.plist */,
				65A895A01F77FEFE009325DC /* BiometricAuthentication.xcdatamodeld */,
			);
			path = BiometricAuthentication;
			sourceTree = "<group>";
		};
/* End PBXGroup section */

/* Begin PBXNativeTarget section */
		65A895951F77FEFE009325DC /* BiometricAuthentication */ = {
			isa = PBXNativeTarget;
			buildConfigurationList = 65A895AB1F77FEFF009325DC /* Build configuration list for PBXNativeTarget "BiometricAuthentication" */;
			buildPhases = (
				65A895921F77FEFE009325DC /* Sources */,
				65A895931F77FEFE009325DC /* Frameworks */,
				65A895941F77FEFE009325DC /* Resources */,
			);
			buildRules = (
			);
			dependencies = (
			);
			name = BiometricAuthentication;
			productName = BiometricAuthentication;
			productReference = 65A895961F77FEFE009325DC /* BiometricAuthentication.app */;
			productType = "com.apple.product-type.application";
		};
/* End PBXNativeTarget section */

/* Begin PBXProject section */
		65A8958E1F77FEFE009325DC /* Project object */ = {
			isa = PBXProject;
			attributes = {
				LastSwiftUpdateCheck = 0830;
				LastUpgradeCheck = 0830;
				ORGANIZATIONNAME = biotek;
				TargetAttributes = {
					65A895951F77FEFE009325DC = {
						CreatedOnToolsVersion = 8.3.3;
						DevelopmentTeam = 3XPVK7LWGW;
						ProvisioningStyle = Automatic;
					};
				};
			};
			buildConfigurationList = 65A895911F77FEFE009325DC /* Build configuration list for PBXProject "BiometricAuthentication" */;
			compatibilityVersion = "Xcode 3.2";
			developmentRegion = English;
			hasScannedForEncodings = 0;
			knownRegions = (
				en,
				Base,
			);
			mainGroup = 65A8958D1F77FEFE009325DC;
			productRefGroup = 65A895971F77FEFE009325DC /* Products */;
			projectDirPath = "";
			projectRoot = "";
			targets = (
				65A895951F77FEFE009325DC /* BiometricAuthentication */,
			);
		};
/* End PBXProject section */

/* Begin PBXResourcesBuildPhase section */
		65A895941F77FEFE009325DC /* Resources */ = {
			isa = PBXResourcesBuildPhase;
			buildActionMask = 2147483647;
			files = (
				65A895A71F77FEFF009325DC /* LaunchScreen.storyboard in Resources */,
				65A895A41F77FEFF009325DC /* Assets.xcassets in Resources */,
				65A8959F1F77FEFE009325DC /* Main.storyboard in Resources */,
			);
			runOnlyForDeploymentPostprocessing = 0;
		};
/* End PBXResourcesBuildPhase section */

/* Begin PBXSourcesBuildPhase section */
		65A895921F77FEFE009325DC /* Sources */ = {
			isa = PBXSourcesBuildPhase;
			buildActionMask = 2147483647;
			files = (
				65A8959C1F77FEFE009325DC /* ViewController.swift in Sources */,
				65A895A21F77FEFE009325DC /* BiometricAuthentication.xcdatamodeld in Sources */,
				65A8959A1F77FEFE009325DC /* AppDelegate.swift in Sources */,
			);
			runOnlyForDeploymentPostprocessing = 0;
		};
/* End PBXSourcesBuildPhase section */

/* Begin PBXVariantGroup section */
		65A8959D1F77FEFE009325DC /* Main.storyboard */ = {
			isa = PBXVariantGroup;
			children = (
				65A8959E1F77FEFE009325DC /* Base */,
			);
			name = Main.storyboard;
			sourceTree = "<group>";
		};
		65A895A51F77FEFF009325DC /* LaunchScreen.storyboard */ = {
			isa = PBXVariantGroup;
			children = (
				65A895A61F77FEFF009325DC /* Base */,
			);
			name = LaunchScreen.storyboard;
			sourceTree = "<group>";
		};
/* End PBXVariantGroup section */

/* Begin XCBuildConfiguration section */
		65A895A91F77FEFF009325DC /* Debug */ = {
			isa = XCBuildConfiguration;
			buildSettings = {
				ALWAYS_SEARCH_USER_PATHS = NO;
				CLANG_ANALYZER_NONNULL = YES;
				CLANG_ANALYZER_NUMBER_OBJECT_CONVERSION = YES_AGGRESSIVE;
				CLANG_CXX_LANGUAGE_STANDARD = "gnu++0x";
				CLANG_CXX_LIBRARY = "libc++";
				CLANG_ENABLE_MODULES = YES;
				CLANG_ENABLE_OBJC_ARC = YES;
				CLANG_WARN_BOOL_CONVERSION = YES;
				CLANG_WARN_CONSTANT_CONVERSION = YES;
				CLANG_WARN_DIRECT_OBJC_ISA_USAGE = YES_ERROR;
				CLANG_WARN_DOCUMENTATION_COMMENTS = YES;
				CLANG_WARN_EMPTY_BODY = YES;
				CLANG_WARN_ENUM_CONVERSION = YES;
				CLANG_WARN_INFINITE_RECURSION = YES;
				CLANG_WARN_INT_CONVERSION = YES;
				CLANG_WARN_OBJC_ROOT_CLASS = YES_ERROR;
				CLANG_WARN_SUSPICIOUS_MOVE = YES;
				CLANG_WARN_UNREACHABLE_CODE = YES;
				CLANG_WARN__DUPLICATE_METHOD_MATCH = YES;
				"CODE_SIGN_IDENTITY[sdk=iphoneos*]" = "iPhone Developer";
				COPY_PHASE_STRIP = NO;
				DEBUG_INFORMATION_FORMAT = dwarf;
				ENABLE_STRICT_OBJC_MSGSEND = YES;
				ENABLE_TESTABILITY = YES;
				GCC_C_LANGUAGE_STANDARD = gnu99;
				GCC_DYNAMIC_NO_PIC = NO;
				GCC_NO_COMMON_BLOCKS = YES;
				GCC_OPTIMIZATION_LEVEL = 0;
				GCC_PREPROCESSOR_DEFINITIONS = (
					"DEBUG=1",
					"$(inherited)",
				);
				GCC_WARN_64_TO_32_BIT_CONVERSION = YES;
				GCC_WARN_ABOUT_RETURN_TYPE = YES_ERROR;
				GCC_WARN_UNDECLARED_SELECTOR = YES;
				GCC_WARN_UNINITIALIZED_AUTOS = YES_AGGRESSIVE;
				GCC_WARN_UNUSED_FUNCTION = YES;
				GCC_WARN_UNUSED_VARIABLE = YES;
				IPHONEOS_DEPLOYMENT_TARGET = 10.3;
				MTL_ENABLE_DEBUG_INFO = YES;
				ONLY_ACTIVE_ARCH = YES;
				SDKROOT = iphoneos;
				SWIFT_ACTIVE_COMPILATION_CONDITIONS = DEBUG;
				SWIFT_OPTIMIZATION_LEVEL = "-Onone";
				TARGETED_DEVICE_FAMILY = "1,2";
			};
			name = Debug;
		};
		65A895AA1F77FEFF009325DC /* Release */ = {
			isa = XCBuildConfiguration;
			buildSettings = {
				ALWAYS_SEARCH_USER_PATHS = NO;
				CLANG_ANALYZER_NONNULL = YES;
				CLANG_ANALYZER_NUMBER_OBJECT_CONVERSION = YES_AGGRESSIVE;
				CLANG_CXX_LANGUAGE_STANDARD = "gnu++0x";
				CLANG_CXX_LIBRARY = "libc++";
				CLANG_ENABLE_MODULES = YES;
				CLANG_ENABLE_OBJC_ARC = YES;
				CLANG_WARN_BOOL_CONVERSION = YES;
				CLANG_WARN_CONSTANT_CONVERSION = YES;
				CLANG_WARN_DIRECT_OBJC_ISA_USAGE = YES_ERROR;
				CLANG_WARN_DOCUMENTATION_COMMENTS = YES;
				CLANG_WARN_EMPTY_BODY = YES;
				CLANG_WARN_ENUM_CONVERSION = YES;
				CLANG_WARN_INFINITE_RECURSION = YES;
				CLANG_WARN_INT_CONVERSION = YES;
				CLANG_WARN_OBJC_ROOT_CLASS = YES_ERROR;
				CLANG_WARN_SUSPICIOUS_MOVE = YES;
				CLANG_WARN_UNREACHABLE_CODE = YES;
				CLANG_WARN__DUPLICATE_METHOD_MATCH = YES;
				"CODE_SIGN_IDENTITY[sdk=iphoneos*]" = "iPhone Developer";
				COPY_PHASE_STRIP = NO;
				DEBUG_INFORMATION_FORMAT = "dwarf-with-dsym";
				ENABLE_NS_ASSERTIONS = NO;
				ENABLE_STRICT_OBJC_MSGSEND = YES;
				GCC_C_LANGUAGE_STANDARD = gnu99;
				GCC_NO_COMMON_BLOCKS = YES;
				GCC_WARN_64_TO_32_BIT_CONVERSION = YES;
				GCC_WARN_ABOUT_RETURN_TYPE = YES_ERROR;
				GCC_WARN_UNDECLARED_SELECTOR = YES;
				GCC_WARN_UNINITIALIZED_AUTOS = YES_AGGRESSIVE;
				GCC_WARN_UNUSED_FUNCTION = YES;
				GCC_WARN_UNUSED_VARIABLE = YES;
				IPHONEOS_DEPLOYMENT_TARGET = 10.3;
				MTL_ENABLE_DEBUG_INFO = NO;
				SDKROOT = iphoneos;
				SWIFT_OPTIMIZATION_LEVEL = "-Owholemodule";
				TARGETED_DEVICE_FAMILY = "1,2";
				VALIDATE_PRODUCT = YES;
			};
			name = Release;
		};
		65A895AC1F77FEFF009325DC /* Debug */ = {
			isa = XCBuildConfiguration;
			buildSettings = {
				ASSETCATALOG_COMPILER_APPICON_NAME = AppIcon;
				DEVELOPMENT_TEAM = 3XPVK7LWGW;
				INFOPLIST_FILE = BiometricAuthentication/Info.plist;
				LD_RUNPATH_SEARCH_PATHS = "$(inherited) @executable_path/Frameworks";
				PRODUCT_BUNDLE_IDENTIFIER = com.biotek.BiometricAuthentication;
				PRODUCT_NAME = "$(TARGET_NAME)";
				SWIFT_VERSION = 3.0;
			};
			name = Debug;
		};
		65A895AD1F77FEFF009325DC /* Release */ = {
			isa = XCBuildConfiguration;
			buildSettings = {
				ASSETCATALOG_COMPILER_APPICON_NAME = AppIcon;
				DEVELOPMENT_TEAM = 3XPVK7LWGW;
				INFOPLIST_FILE = BiometricAuthentication/Info.plist;
				LD_RUNPATH_SEARCH_PATHS = "$(inherited) @executable_path/Frameworks";
				PRODUCT_BUNDLE_IDENTIFIER = com.biotek.BiometricAuthentication;
				PRODUCT_NAME = "$(TARGET_NAME)";
				SWIFT_VERSION = 3.0;
			};
			name = Release;
		};
/* End XCBuildConfiguration section */

/* Begin XCConfigurationList section */
		65A895911F77FEFE009325DC /* Build configuration list for PBXProject "BiometricAuthentication" */ = {
			isa = XCConfigurationList;
			buildConfigurations = (
				65A895A91F77FEFF009325DC /* Debug */,
				65A895AA1F77FEFF009325DC /* Release */,
			);
			defaultConfigurationIsVisible = 0;
			defaultConfigurationName = Release;
		};
		65A895AB1F77FEFF009325DC /* Build configuration list for PBXNativeTarget "BiometricAuthentication" */ = {
			isa = XCConfigurationList;
			buildConfigurations = (
				65A895AC1F77FEFF009325DC /* Debug */,
				65A895AD1F77FEFF009325DC /* Release */,
			);
			defaultConfigurationIsVisible = 0;
		};
/* End XCConfigurationList section */

/* Begin XCVersionGroup section */
		65A895A01F77FEFE009325DC /* BiometricAuthentication.xcdatamodeld */ = {
			isa = XCVersionGroup;
			children = (
				65A895A11F77FEFE009325DC /* BiometricAuthentication.xcdatamodel */,
			);
			currentVersion = 65A895A11F77FEFE009325DC /* BiometricAuthentication.xcdatamodel */;
			path = BiometricAuthentication.xcdatamodeld;
			sourceTree = "<group>";
			versionGroupType = wrapper.xcdatamodel;
		};
/* End XCVersionGroup section */
	};
	rootObject = 65A8958E1F77FEFE009325DC /* Project object */;
}
